// !$*UTF8*$!
{
	archiveVersion = 1;
	classes = {
	};
	objectVersion = 50;
	objects = {

/* Begin PBXBuildFile section */
		3503C93F240C5A53002F2457 /* Assets.xcassets in Resources */ = {isa = PBXBuildFile; fileRef = 3503C93E240C5A53002F2457 /* Assets.xcassets */; };
		3503C942240C5A53002F2457 /* LaunchScreen.storyboard in Resources */ = {isa = PBXBuildFile; fileRef = 3503C940240C5A53002F2457 /* LaunchScreen.storyboard */; };
		3516B3682416F162009C5D36 /* BaseViewControllerTests.swift in Sources */ = {isa = PBXBuildFile; fileRef = 3516B3672416F162009C5D36 /* BaseViewControllerTests.swift */; };
		3516B36B2416F4A4009C5D36 /* UIViewSizingTests.swift in Sources */ = {isa = PBXBuildFile; fileRef = 3516B36A2416F4A4009C5D36 /* UIViewSizingTests.swift */; };
		3516B36D2416F7DE009C5D36 /* UIEdgeInsetsInitTests.swift in Sources */ = {isa = PBXBuildFile; fileRef = 3516B36C2416F7DE009C5D36 /* UIEdgeInsetsInitTests.swift */; };
		3516B37324170961009C5D36 /* UIViewAddSubviewsTests.swift in Sources */ = {isa = PBXBuildFile; fileRef = 3516B37224170961009C5D36 /* UIViewAddSubviewsTests.swift */; };
		351C3EDD245CDD8F001D1278 /* VerticalFrameBasedViewTests.swift in Sources */ = {isa = PBXBuildFile; fileRef = 351C3EDC245CDD8F001D1278 /* VerticalFrameBasedViewTests.swift */; };
		352B3D32244F7AEC00B422CF /* QRScannerViewControllerTests.swift in Sources */ = {isa = PBXBuildFile; fileRef = 352B3D31244F7AEC00B422CF /* QRScannerViewControllerTests.swift */; };
		352B3D34244FA02400B422CF /* QRScannerViewControllerCaptureSessionTests.swift in Sources */ = {isa = PBXBuildFile; fileRef = 352B3D33244FA02400B422CF /* QRScannerViewControllerCaptureSessionTests.swift */; };
		352B3D39244FAB1600B422CF /* PresentationHandlerTests.swift in Sources */ = {isa = PBXBuildFile; fileRef = 352B3D38244FAB1600B422CF /* PresentationHandlerTests.swift */; };
		352B3D3C244FAF9200B422CF /* QRScannerViewControllerQRPointScanningTests.swift in Sources */ = {isa = PBXBuildFile; fileRef = 352B3D3B244FAF9200B422CF /* QRScannerViewControllerQRPointScanningTests.swift */; };
		352B3D3E244FB4E400B422CF /* QRPointScanningHandlerTests.swift in Sources */ = {isa = PBXBuildFile; fileRef = 352B3D3D244FB4E400B422CF /* QRPointScanningHandlerTests.swift */; };
		354329BB24157FFB0065614A /* SceneDelegateTests.swift in Sources */ = {isa = PBXBuildFile; fileRef = 354329BA24157FFB0065614A /* SceneDelegateTests.swift */; };
		3570644B248872CC00E45B0D /* BaseViewController.swift in Sources */ = {isa = PBXBuildFile; fileRef = 357063F7248872CC00E45B0D /* BaseViewController.swift */; };
		3570644C248872CC00E45B0D /* MunimapViewController.swift in Sources */ = {isa = PBXBuildFile; fileRef = 357063F8248872CC00E45B0D /* MunimapViewController.swift */; };
		3570644D248872CC00E45B0D /* OnboardingViewController.swift in Sources */ = {isa = PBXBuildFile; fileRef = 357063F9248872CC00E45B0D /* OnboardingViewController.swift */; };
		3570644E248872CC00E45B0D /* QRScannerViewController.swift in Sources */ = {isa = PBXBuildFile; fileRef = 357063FA248872CC00E45B0D /* QRScannerViewController.swift */; };
		3570644F248872CC00E45B0D /* ARViewController.swift in Sources */ = {isa = PBXBuildFile; fileRef = 357063FB248872CC00E45B0D /* ARViewController.swift */; };
		35706450248872CC00E45B0D /* MainNavigationViewController.swift in Sources */ = {isa = PBXBuildFile; fileRef = 357063FC248872CC00E45B0D /* MainNavigationViewController.swift */; };
		35706451248872CC00E45B0D /* CGRect+Inits.swift in Sources */ = {isa = PBXBuildFile; fileRef = 357063FF248872CC00E45B0D /* CGRect+Inits.swift */; };
		35706452248872CC00E45B0D /* UIColor+HexString.swift in Sources */ = {isa = PBXBuildFile; fileRef = 35706401248872CC00E45B0D /* UIColor+HexString.swift */; };
		35706453248872CC00E45B0D /* UIEdgeInsets+Init.swift in Sources */ = {isa = PBXBuildFile; fileRef = 35706402248872CC00E45B0D /* UIEdgeInsets+Init.swift */; };
		35706454248872CC00E45B0D /* UIButton+Init.swift in Sources */ = {isa = PBXBuildFile; fileRef = 35706403248872CC00E45B0D /* UIButton+Init.swift */; };
		35706455248872CC00E45B0D /* UIView+AddSubviews.swift in Sources */ = {isa = PBXBuildFile; fileRef = 35706404248872CC00E45B0D /* UIView+AddSubviews.swift */; };
		35706456248872CC00E45B0D /* UILabel+Init.swift in Sources */ = {isa = PBXBuildFile; fileRef = 35706405248872CC00E45B0D /* UILabel+Init.swift */; };
		35706457248872CC00E45B0D /* UIView+Sizing.swift in Sources */ = {isa = PBXBuildFile; fileRef = 35706406248872CC00E45B0D /* UIView+Sizing.swift */; };
		35706458248872CC00E45B0D /* UIEdgeInsets+Sum.swift in Sources */ = {isa = PBXBuildFile; fileRef = 35706407248872CC00E45B0D /* UIEdgeInsets+Sum.swift */; };
		35706459248872CC00E45B0D /* UIEdgeInsets+Merge.swift in Sources */ = {isa = PBXBuildFile; fileRef = 35706408248872CC00E45B0D /* UIEdgeInsets+Merge.swift */; };
		3570645A248872CC00E45B0D /* SCNObject+Init.swift in Sources */ = {isa = PBXBuildFile; fileRef = 3570640A248872CC00E45B0D /* SCNObject+Init.swift */; };
		3570645B248872CC00E45B0D /* CaptureDeviceProvider.swift in Sources */ = {isa = PBXBuildFile; fileRef = 3570640D248872CC00E45B0D /* CaptureDeviceProvider.swift */; };
		3570645C248872CC00E45B0D /* SceneDependencyProviding.swift in Sources */ = {isa = PBXBuildFile; fileRef = 3570640F248872CC00E45B0D /* SceneDependencyProviding.swift */; };
		3570645D248872CC00E45B0D /* MainNavigationSceneDependencyProvider.swift in Sources */ = {isa = PBXBuildFile; fileRef = 35706410248872CC00E45B0D /* MainNavigationSceneDependencyProvider.swift */; };
		3570645E248872CC00E45B0D /* CaptureSessionProvider.swift in Sources */ = {isa = PBXBuildFile; fileRef = 35706411248872CC00E45B0D /* CaptureSessionProvider.swift */; };
		3570645F248872CC00E45B0D /* AppLayoutProvider.swift in Sources */ = {isa = PBXBuildFile; fileRef = 35706414248872CC00E45B0D /* AppLayoutProvider.swift */; };
		35706460248872CC00E45B0D /* AppColorProvider.swift in Sources */ = {isa = PBXBuildFile; fileRef = 35706415248872CC00E45B0D /* AppColorProvider.swift */; };
		35706461248872CC00E45B0D /* AppConfigurationProvider.swift in Sources */ = {isa = PBXBuildFile; fileRef = 35706416248872CC00E45B0D /* AppConfigurationProvider.swift */; };
		35706462248872CC00E45B0D /* ReferenceImageProviding.swift in Sources */ = {isa = PBXBuildFile; fileRef = 35706418248872CC00E45B0D /* ReferenceImageProviding.swift */; };
		35706463248872CC00E45B0D /* MeshObjectProvider.swift in Sources */ = {isa = PBXBuildFile; fileRef = 35706419248872CC00E45B0D /* MeshObjectProvider.swift */; };
		35706464248872CC00E45B0D /* SceneObjectProviding.swift in Sources */ = {isa = PBXBuildFile; fileRef = 3570641A248872CC00E45B0D /* SceneObjectProviding.swift */; };
		35706465248872CC00E45B0D /* PosterReferenceImageProvider.swift in Sources */ = {isa = PBXBuildFile; fileRef = 3570641B248872CC00E45B0D /* PosterReferenceImageProvider.swift */; };
		35706466248872CC00E45B0D /* RoomsSceneObjectProvider.swift in Sources */ = {isa = PBXBuildFile; fileRef = 3570641C248872CC00E45B0D /* RoomsSceneObjectProvider.swift */; };
		35706467248872CC00E45B0D /* QRPointsProviding.swift in Sources */ = {isa = PBXBuildFile; fileRef = 3570641D248872CC00E45B0D /* QRPointsProviding.swift */; };
		35706468248872CC00E45B0D /* URLSessionProviding.swift in Sources */ = {isa = PBXBuildFile; fileRef = 3570641F248872CC00E45B0D /* URLSessionProviding.swift */; };
		35706469248872CC00E45B0D /* RemoteDataProvider.swift in Sources */ = {isa = PBXBuildFile; fileRef = 35706420248872CC00E45B0D /* RemoteDataProvider.swift */; };
		3570646A248872CC00E45B0D /* RemoteJSONDataProviding.swift in Sources */ = {isa = PBXBuildFile; fileRef = 35706421248872CC00E45B0D /* RemoteJSONDataProviding.swift */; };
		3570646B248872CC00E45B0D /* WebViewHandler.swift in Sources */ = {isa = PBXBuildFile; fileRef = 35706424248872CC00E45B0D /* WebViewHandler.swift */; };
		3570646C248872CC00E45B0D /* PresentationHandling.swift in Sources */ = {isa = PBXBuildFile; fileRef = 35706425248872CC00E45B0D /* PresentationHandling.swift */; };
		3570646D248872CC00E45B0D /* WindowSceneHandling.swift in Sources */ = {isa = PBXBuildFile; fileRef = 35706426248872CC00E45B0D /* WindowSceneHandling.swift */; };
		3570646E248872CC00E45B0D /* CaptureSessionHandler.swift in Sources */ = {isa = PBXBuildFile; fileRef = 35706427248872CC00E45B0D /* CaptureSessionHandler.swift */; };
		3570646F248872CC00E45B0D /* QRPointScanningHandler.swift in Sources */ = {isa = PBXBuildFile; fileRef = 35706428248872CC00E45B0D /* QRPointScanningHandler.swift */; };
		35706470248872CC00E45B0D /* ARSceneViewHandler.swift in Sources */ = {isa = PBXBuildFile; fileRef = 3570642A248872CC00E45B0D /* ARSceneViewHandler.swift */; };
		35706471248872CC00E45B0D /* OnboardingCoordinator.swift in Sources */ = {isa = PBXBuildFile; fileRef = 3570642C248872CC00E45B0D /* OnboardingCoordinator.swift */; };
		35706472248872CC00E45B0D /* BaseCoordinator.swift in Sources */ = {isa = PBXBuildFile; fileRef = 3570642D248872CC00E45B0D /* BaseCoordinator.swift */; };
		35706473248872CC00E45B0D /* CaptureSessionHandlerDelegate.swift in Sources */ = {isa = PBXBuildFile; fileRef = 35706430248872CC00E45B0D /* CaptureSessionHandlerDelegate.swift */; };
		35706474248872CC00E45B0D /* QRPointScanningHandlerDelegate.swift in Sources */ = {isa = PBXBuildFile; fileRef = 35706431248872CC00E45B0D /* QRPointScanningHandlerDelegate.swift */; };
		35706475248872CC00E45B0D /* BaseSceneDelegate.swift in Sources */ = {isa = PBXBuildFile; fileRef = 35706433248872CC00E45B0D /* BaseSceneDelegate.swift */; };
		35706476248872CC00E45B0D /* AppDelegate.swift in Sources */ = {isa = PBXBuildFile; fileRef = 35706434248872CC00E45B0D /* AppDelegate.swift */; };
		35706477248872CC00E45B0D /* SceneDelegate.swift in Sources */ = {isa = PBXBuildFile; fileRef = 35706435248872CC00E45B0D /* SceneDelegate.swift */; };
		35706478248872CC00E45B0D /* ARSceneViewHandlerDelegate.swift in Sources */ = {isa = PBXBuildFile; fileRef = 35706436248872CC00E45B0D /* ARSceneViewHandlerDelegate.swift */; };
		35706479248872CC00E45B0D /* ARSceneContainerView.swift in Sources */ = {isa = PBXBuildFile; fileRef = 35706438248872CC00E45B0D /* ARSceneContainerView.swift */; };
		3570647A248872CC00E45B0D /* InfoOverlayView+App.swift in Sources */ = {isa = PBXBuildFile; fileRef = 3570643A248872CC00E45B0D /* InfoOverlayView+App.swift */; };
		3570647B248872CC00E45B0D /* InfoOverlayView.swift in Sources */ = {isa = PBXBuildFile; fileRef = 3570643B248872CC00E45B0D /* InfoOverlayView.swift */; };
		3570647C248872CC00E45B0D /* FrameBasedView.swift in Sources */ = {isa = PBXBuildFile; fileRef = 3570643C248872CC00E45B0D /* FrameBasedView.swift */; };
		3570647D248872CC00E45B0D /* VerticalFrameBasedView.swift in Sources */ = {isa = PBXBuildFile; fileRef = 3570643D248872CC00E45B0D /* VerticalFrameBasedView.swift */; };
		3570647E248872CC00E45B0D /* ARLocalizedObjectData.swift in Sources */ = {isa = PBXBuildFile; fileRef = 3570643F248872CC00E45B0D /* ARLocalizedObjectData.swift */; };
		3570647F248872CC00E45B0D /* HexColor.swift in Sources */ = {isa = PBXBuildFile; fileRef = 35706440248872CC00E45B0D /* HexColor.swift */; };
		35706480248872CC00E45B0D /* RemoteJSONDataInfo.swift in Sources */ = {isa = PBXBuildFile; fileRef = 35706441248872CC00E45B0D /* RemoteJSONDataInfo.swift */; };
		35706481248872CC00E45B0D /* QRPoint.swift in Sources */ = {isa = PBXBuildFile; fileRef = 35706442248872CC00E45B0D /* QRPoint.swift */; };
		35706482248872CC00E45B0D /* ARScreenView.swift in Sources */ = {isa = PBXBuildFile; fileRef = 35706444248872CC00E45B0D /* ARScreenView.swift */; };
		35706483248872CC00E45B0D /* OnboardingScreenView+App.swift in Sources */ = {isa = PBXBuildFile; fileRef = 35706446248872CC00E45B0D /* OnboardingScreenView+App.swift */; };
		35706484248872CC00E45B0D /* QRScannerScreenView.swift in Sources */ = {isa = PBXBuildFile; fileRef = 35706447248872CC00E45B0D /* QRScannerScreenView.swift */; };
		35706485248872CC00E45B0D /* OnboardingScreenView.swift in Sources */ = {isa = PBXBuildFile; fileRef = 35706448248872CC00E45B0D /* OnboardingScreenView.swift */; };
		35706486248872CC00E45B0D /* BaseScreenView.swift in Sources */ = {isa = PBXBuildFile; fileRef = 35706449248872CC00E45B0D /* BaseScreenView.swift */; };
		35706487248872CC00E45B0D /* MunimapScreenView.swift in Sources */ = {isa = PBXBuildFile; fileRef = 3570644A248872CC00E45B0D /* MunimapScreenView.swift */; };
		358A43452450EF0C0064D2F8 /* RemoteJSONDataProvidingTests.swift in Sources */ = {isa = PBXBuildFile; fileRef = 358A43442450EF0C0064D2F8 /* RemoteJSONDataProvidingTests.swift */; };
		35B209B624219CED005E65AE /* MainNavigationSceneDependencyProviderTests.swift in Sources */ = {isa = PBXBuildFile; fileRef = 35B209B524219CED005E65AE /* MainNavigationSceneDependencyProviderTests.swift */; };
		35B209B82421A0A5005E65AE /* MainNavigationViewControllerTests.swift in Sources */ = {isa = PBXBuildFile; fileRef = 35B209B72421A0A5005E65AE /* MainNavigationViewControllerTests.swift */; };
		35B209BA2421A376005E65AE /* WebViewHandlerTests.swift in Sources */ = {isa = PBXBuildFile; fileRef = 35B209B92421A376005E65AE /* WebViewHandlerTests.swift */; };
		35B209BC2421A52F005E65AE /* MunimapViewControllerTests.swift in Sources */ = {isa = PBXBuildFile; fileRef = 35B209BB2421A52F005E65AE /* MunimapViewControllerTests.swift */; };
		35E746D224317220003BDA00 /* SURemoteDataInfoTests.swift in Sources */ = {isa = PBXBuildFile; fileRef = 35E746D124317220003BDA00 /* SURemoteDataInfoTests.swift */; };
		35E746DB2431770F003BDA00 /* RemoteDataProviderTests.swift in Sources */ = {isa = PBXBuildFile; fileRef = 35E746DA2431770F003BDA00 /* RemoteDataProviderTests.swift */; };
/* End PBXBuildFile section */

/* Begin PBXContainerItemProxy section */
		3503C949240C5A53002F2457 /* PBXContainerItemProxy */ = {
			isa = PBXContainerItemProxy;
			containerPortal = 3503C92A240C5A52002F2457 /* Project object */;
			proxyType = 1;
			remoteGlobalIDString = 3503C931240C5A52002F2457;
			remoteInfo = SmartUniversity;
		};
/* End PBXContainerItemProxy section */

/* Begin PBXFileReference section */
		3503C932240C5A52002F2457 /* SmartUniversity.app */ = {isa = PBXFileReference; explicitFileType = wrapper.application; includeInIndex = 0; path = SmartUniversity.app; sourceTree = BUILT_PRODUCTS_DIR; };
		3503C93E240C5A53002F2457 /* Assets.xcassets */ = {isa = PBXFileReference; lastKnownFileType = folder.assetcatalog; path = Assets.xcassets; sourceTree = "<group>"; };
		3503C941240C5A53002F2457 /* Base */ = {isa = PBXFileReference; lastKnownFileType = file.storyboard; name = Base; path = Base.lproj/LaunchScreen.storyboard; sourceTree = "<group>"; };
		3503C943240C5A53002F2457 /* Info.plist */ = {isa = PBXFileReference; lastKnownFileType = text.plist.xml; path = Info.plist; sourceTree = "<group>"; };
		3503C948240C5A53002F2457 /* SmartUniversityTests.xctest */ = {isa = PBXFileReference; explicitFileType = wrapper.cfbundle; includeInIndex = 0; path = SmartUniversityTests.xctest; sourceTree = BUILT_PRODUCTS_DIR; };
		3503C94E240C5A53002F2457 /* Info.plist */ = {isa = PBXFileReference; lastKnownFileType = text.plist.xml; path = Info.plist; sourceTree = "<group>"; };
		3516B3672416F162009C5D36 /* BaseViewControllerTests.swift */ = {isa = PBXFileReference; lastKnownFileType = sourcecode.swift; path = BaseViewControllerTests.swift; sourceTree = "<group>"; };
		3516B36A2416F4A4009C5D36 /* UIViewSizingTests.swift */ = {isa = PBXFileReference; lastKnownFileType = sourcecode.swift; path = UIViewSizingTests.swift; sourceTree = "<group>"; };
		3516B36C2416F7DE009C5D36 /* UIEdgeInsetsInitTests.swift */ = {isa = PBXFileReference; lastKnownFileType = sourcecode.swift; path = UIEdgeInsetsInitTests.swift; sourceTree = "<group>"; };
		3516B37224170961009C5D36 /* UIViewAddSubviewsTests.swift */ = {isa = PBXFileReference; lastKnownFileType = sourcecode.swift; path = UIViewAddSubviewsTests.swift; sourceTree = "<group>"; };
		351C3EDC245CDD8F001D1278 /* VerticalFrameBasedViewTests.swift */ = {isa = PBXFileReference; fileEncoding = 4; lastKnownFileType = sourcecode.swift; path = VerticalFrameBasedViewTests.swift; sourceTree = "<group>"; };
		352B3D31244F7AEC00B422CF /* QRScannerViewControllerTests.swift */ = {isa = PBXFileReference; lastKnownFileType = sourcecode.swift; path = QRScannerViewControllerTests.swift; sourceTree = "<group>"; };
		352B3D33244FA02400B422CF /* QRScannerViewControllerCaptureSessionTests.swift */ = {isa = PBXFileReference; lastKnownFileType = sourcecode.swift; path = QRScannerViewControllerCaptureSessionTests.swift; sourceTree = "<group>"; };
		352B3D38244FAB1600B422CF /* PresentationHandlerTests.swift */ = {isa = PBXFileReference; lastKnownFileType = sourcecode.swift; path = PresentationHandlerTests.swift; sourceTree = "<group>"; };
		352B3D3B244FAF9200B422CF /* QRScannerViewControllerQRPointScanningTests.swift */ = {isa = PBXFileReference; lastKnownFileType = sourcecode.swift; path = QRScannerViewControllerQRPointScanningTests.swift; sourceTree = "<group>"; };
		352B3D3D244FB4E400B422CF /* QRPointScanningHandlerTests.swift */ = {isa = PBXFileReference; lastKnownFileType = sourcecode.swift; path = QRPointScanningHandlerTests.swift; sourceTree = "<group>"; };
		354329BA24157FFB0065614A /* SceneDelegateTests.swift */ = {isa = PBXFileReference; lastKnownFileType = sourcecode.swift; path = SceneDelegateTests.swift; sourceTree = "<group>"; };
		357063F7248872CC00E45B0D /* BaseViewController.swift */ = {isa = PBXFileReference; fileEncoding = 4; lastKnownFileType = sourcecode.swift; path = BaseViewController.swift; sourceTree = "<group>"; };
		357063F8248872CC00E45B0D /* MunimapViewController.swift */ = {isa = PBXFileReference; fileEncoding = 4; lastKnownFileType = sourcecode.swift; path = MunimapViewController.swift; sourceTree = "<group>"; };
		357063F9248872CC00E45B0D /* OnboardingViewController.swift */ = {isa = PBXFileReference; fileEncoding = 4; lastKnownFileType = sourcecode.swift; path = OnboardingViewController.swift; sourceTree = "<group>"; };
		357063FA248872CC00E45B0D /* QRScannerViewController.swift */ = {isa = PBXFileReference; fileEncoding = 4; lastKnownFileType = sourcecode.swift; path = QRScannerViewController.swift; sourceTree = "<group>"; };
		357063FB248872CC00E45B0D /* ARViewController.swift */ = {isa = PBXFileReference; fileEncoding = 4; lastKnownFileType = sourcecode.swift; path = ARViewController.swift; sourceTree = "<group>"; };
		357063FC248872CC00E45B0D /* MainNavigationViewController.swift */ = {isa = PBXFileReference; fileEncoding = 4; lastKnownFileType = sourcecode.swift; path = MainNavigationViewController.swift; sourceTree = "<group>"; };
		357063FF248872CC00E45B0D /* CGRect+Inits.swift */ = {isa = PBXFileReference; fileEncoding = 4; lastKnownFileType = sourcecode.swift; path = "CGRect+Inits.swift"; sourceTree = "<group>"; };
		35706401248872CC00E45B0D /* UIColor+HexString.swift */ = {isa = PBXFileReference; fileEncoding = 4; lastKnownFileType = sourcecode.swift; path = "UIColor+HexString.swift"; sourceTree = "<group>"; };
		35706402248872CC00E45B0D /* UIEdgeInsets+Init.swift */ = {isa = PBXFileReference; fileEncoding = 4; lastKnownFileType = sourcecode.swift; path = "UIEdgeInsets+Init.swift"; sourceTree = "<group>"; };
		35706403248872CC00E45B0D /* UIButton+Init.swift */ = {isa = PBXFileReference; fileEncoding = 4; lastKnownFileType = sourcecode.swift; path = "UIButton+Init.swift"; sourceTree = "<group>"; };
		35706404248872CC00E45B0D /* UIView+AddSubviews.swift */ = {isa = PBXFileReference; fileEncoding = 4; lastKnownFileType = sourcecode.swift; path = "UIView+AddSubviews.swift"; sourceTree = "<group>"; };
		35706405248872CC00E45B0D /* UILabel+Init.swift */ = {isa = PBXFileReference; fileEncoding = 4; lastKnownFileType = sourcecode.swift; path = "UILabel+Init.swift"; sourceTree = "<group>"; };
		35706406248872CC00E45B0D /* UIView+Sizing.swift */ = {isa = PBXFileReference; fileEncoding = 4; lastKnownFileType = sourcecode.swift; path = "UIView+Sizing.swift"; sourceTree = "<group>"; };
		35706407248872CC00E45B0D /* UIEdgeInsets+Sum.swift */ = {isa = PBXFileReference; fileEncoding = 4; lastKnownFileType = sourcecode.swift; path = "UIEdgeInsets+Sum.swift"; sourceTree = "<group>"; };
		35706408248872CC00E45B0D /* UIEdgeInsets+Merge.swift */ = {isa = PBXFileReference; fileEncoding = 4; lastKnownFileType = sourcecode.swift; path = "UIEdgeInsets+Merge.swift"; sourceTree = "<group>"; };
		3570640A248872CC00E45B0D /* SCNObject+Init.swift */ = {isa = PBXFileReference; fileEncoding = 4; lastKnownFileType = sourcecode.swift; path = "SCNObject+Init.swift"; sourceTree = "<group>"; };
		3570640D248872CC00E45B0D /* CaptureDeviceProvider.swift */ = {isa = PBXFileReference; fileEncoding = 4; lastKnownFileType = sourcecode.swift; path = CaptureDeviceProvider.swift; sourceTree = "<group>"; };
		3570640F248872CC00E45B0D /* SceneDependencyProviding.swift */ = {isa = PBXFileReference; fileEncoding = 4; lastKnownFileType = sourcecode.swift; path = SceneDependencyProviding.swift; sourceTree = "<group>"; };
		35706410248872CC00E45B0D /* MainNavigationSceneDependencyProvider.swift */ = {isa = PBXFileReference; fileEncoding = 4; lastKnownFileType = sourcecode.swift; path = MainNavigationSceneDependencyProvider.swift; sourceTree = "<group>"; };
		35706411248872CC00E45B0D /* CaptureSessionProvider.swift */ = {isa = PBXFileReference; fileEncoding = 4; lastKnownFileType = sourcecode.swift; path = CaptureSessionProvider.swift; sourceTree = "<group>"; };
		35706414248872CC00E45B0D /* AppLayoutProvider.swift */ = {isa = PBXFileReference; fileEncoding = 4; lastKnownFileType = sourcecode.swift; path = AppLayoutProvider.swift; sourceTree = "<group>"; };
		35706415248872CC00E45B0D /* AppColorProvider.swift */ = {isa = PBXFileReference; fileEncoding = 4; lastKnownFileType = sourcecode.swift; path = AppColorProvider.swift; sourceTree = "<group>"; };
		35706416248872CC00E45B0D /* AppConfigurationProvider.swift */ = {isa = PBXFileReference; fileEncoding = 4; lastKnownFileType = sourcecode.swift; path = AppConfigurationProvider.swift; sourceTree = "<group>"; };
		35706418248872CC00E45B0D /* ReferenceImageProviding.swift */ = {isa = PBXFileReference; fileEncoding = 4; lastKnownFileType = sourcecode.swift; path = ReferenceImageProviding.swift; sourceTree = "<group>"; };
		35706419248872CC00E45B0D /* MeshObjectProvider.swift */ = {isa = PBXFileReference; fileEncoding = 4; lastKnownFileType = sourcecode.swift; path = MeshObjectProvider.swift; sourceTree = "<group>"; };
		3570641A248872CC00E45B0D /* SceneObjectProviding.swift */ = {isa = PBXFileReference; fileEncoding = 4; lastKnownFileType = sourcecode.swift; path = SceneObjectProviding.swift; sourceTree = "<group>"; };
		3570641B248872CC00E45B0D /* PosterReferenceImageProvider.swift */ = {isa = PBXFileReference; fileEncoding = 4; lastKnownFileType = sourcecode.swift; path = PosterReferenceImageProvider.swift; sourceTree = "<group>"; };
		3570641C248872CC00E45B0D /* RoomsSceneObjectProvider.swift */ = {isa = PBXFileReference; fileEncoding = 4; lastKnownFileType = sourcecode.swift; path = RoomsSceneObjectProvider.swift; sourceTree = "<group>"; };
		3570641D248872CC00E45B0D /* QRPointsProviding.swift */ = {isa = PBXFileReference; fileEncoding = 4; lastKnownFileType = sourcecode.swift; path = QRPointsProviding.swift; sourceTree = "<group>"; };
		3570641F248872CC00E45B0D /* URLSessionProviding.swift */ = {isa = PBXFileReference; fileEncoding = 4; lastKnownFileType = sourcecode.swift; path = URLSessionProviding.swift; sourceTree = "<group>"; };
		35706420248872CC00E45B0D /* RemoteDataProvider.swift */ = {isa = PBXFileReference; fileEncoding = 4; lastKnownFileType = sourcecode.swift; path = RemoteDataProvider.swift; sourceTree = "<group>"; };
		35706421248872CC00E45B0D /* RemoteJSONDataProviding.swift */ = {isa = PBXFileReference; fileEncoding = 4; lastKnownFileType = sourcecode.swift; path = RemoteJSONDataProviding.swift; sourceTree = "<group>"; };
		35706424248872CC00E45B0D /* WebViewHandler.swift */ = {isa = PBXFileReference; fileEncoding = 4; lastKnownFileType = sourcecode.swift; path = WebViewHandler.swift; sourceTree = "<group>"; };
		35706425248872CC00E45B0D /* PresentationHandling.swift */ = {isa = PBXFileReference; fileEncoding = 4; lastKnownFileType = sourcecode.swift; path = PresentationHandling.swift; sourceTree = "<group>"; };
		35706426248872CC00E45B0D /* WindowSceneHandling.swift */ = {isa = PBXFileReference; fileEncoding = 4; lastKnownFileType = sourcecode.swift; path = WindowSceneHandling.swift; sourceTree = "<group>"; };
		35706427248872CC00E45B0D /* CaptureSessionHandler.swift */ = {isa = PBXFileReference; fileEncoding = 4; lastKnownFileType = sourcecode.swift; path = CaptureSessionHandler.swift; sourceTree = "<group>"; };
		35706428248872CC00E45B0D /* QRPointScanningHandler.swift */ = {isa = PBXFileReference; fileEncoding = 4; lastKnownFileType = sourcecode.swift; path = QRPointScanningHandler.swift; sourceTree = "<group>"; };
		3570642A248872CC00E45B0D /* ARSceneViewHandler.swift */ = {isa = PBXFileReference; fileEncoding = 4; lastKnownFileType = sourcecode.swift; path = ARSceneViewHandler.swift; sourceTree = "<group>"; };
		3570642C248872CC00E45B0D /* OnboardingCoordinator.swift */ = {isa = PBXFileReference; fileEncoding = 4; lastKnownFileType = sourcecode.swift; path = OnboardingCoordinator.swift; sourceTree = "<group>"; };
		3570642D248872CC00E45B0D /* BaseCoordinator.swift */ = {isa = PBXFileReference; fileEncoding = 4; lastKnownFileType = sourcecode.swift; path = BaseCoordinator.swift; sourceTree = "<group>"; };
		35706430248872CC00E45B0D /* CaptureSessionHandlerDelegate.swift */ = {isa = PBXFileReference; fileEncoding = 4; lastKnownFileType = sourcecode.swift; path = CaptureSessionHandlerDelegate.swift; sourceTree = "<group>"; };
		35706431248872CC00E45B0D /* QRPointScanningHandlerDelegate.swift */ = {isa = PBXFileReference; fileEncoding = 4; lastKnownFileType = sourcecode.swift; path = QRPointScanningHandlerDelegate.swift; sourceTree = "<group>"; };
		35706433248872CC00E45B0D /* BaseSceneDelegate.swift */ = {isa = PBXFileReference; fileEncoding = 4; lastKnownFileType = sourcecode.swift; path = BaseSceneDelegate.swift; sourceTree = "<group>"; };
		35706434248872CC00E45B0D /* AppDelegate.swift */ = {isa = PBXFileReference; fileEncoding = 4; lastKnownFileType = sourcecode.swift; path = AppDelegate.swift; sourceTree = "<group>"; };
		35706435248872CC00E45B0D /* SceneDelegate.swift */ = {isa = PBXFileReference; fileEncoding = 4; lastKnownFileType = sourcecode.swift; path = SceneDelegate.swift; sourceTree = "<group>"; };
		35706436248872CC00E45B0D /* ARSceneViewHandlerDelegate.swift */ = {isa = PBXFileReference; fileEncoding = 4; lastKnownFileType = sourcecode.swift; path = ARSceneViewHandlerDelegate.swift; sourceTree = "<group>"; };
		35706438248872CC00E45B0D /* ARSceneContainerView.swift */ = {isa = PBXFileReference; fileEncoding = 4; lastKnownFileType = sourcecode.swift; path = ARSceneContainerView.swift; sourceTree = "<group>"; };
		3570643A248872CC00E45B0D /* InfoOverlayView+App.swift */ = {isa = PBXFileReference; fileEncoding = 4; lastKnownFileType = sourcecode.swift; path = "InfoOverlayView+App.swift"; sourceTree = "<group>"; };
		3570643B248872CC00E45B0D /* InfoOverlayView.swift */ = {isa = PBXFileReference; fileEncoding = 4; lastKnownFileType = sourcecode.swift; path = InfoOverlayView.swift; sourceTree = "<group>"; };
		3570643C248872CC00E45B0D /* FrameBasedView.swift */ = {isa = PBXFileReference; fileEncoding = 4; lastKnownFileType = sourcecode.swift; path = FrameBasedView.swift; sourceTree = "<group>"; };
		3570643D248872CC00E45B0D /* VerticalFrameBasedView.swift */ = {isa = PBXFileReference; fileEncoding = 4; lastKnownFileType = sourcecode.swift; path = VerticalFrameBasedView.swift; sourceTree = "<group>"; };
		3570643F248872CC00E45B0D /* ARLocalizedObjectData.swift */ = {isa = PBXFileReference; fileEncoding = 4; lastKnownFileType = sourcecode.swift; path = ARLocalizedObjectData.swift; sourceTree = "<group>"; };
		35706440248872CC00E45B0D /* HexColor.swift */ = {isa = PBXFileReference; fileEncoding = 4; lastKnownFileType = sourcecode.swift; path = HexColor.swift; sourceTree = "<group>"; };
		35706441248872CC00E45B0D /* RemoteJSONDataInfo.swift */ = {isa = PBXFileReference; fileEncoding = 4; lastKnownFileType = sourcecode.swift; path = RemoteJSONDataInfo.swift; sourceTree = "<group>"; };
		35706442248872CC00E45B0D /* QRPoint.swift */ = {isa = PBXFileReference; fileEncoding = 4; lastKnownFileType = sourcecode.swift; path = QRPoint.swift; sourceTree = "<group>"; };
		35706444248872CC00E45B0D /* ARScreenView.swift */ = {isa = PBXFileReference; fileEncoding = 4; lastKnownFileType = sourcecode.swift; path = ARScreenView.swift; sourceTree = "<group>"; };
		35706446248872CC00E45B0D /* OnboardingScreenView+App.swift */ = {isa = PBXFileReference; fileEncoding = 4; lastKnownFileType = sourcecode.swift; path = "OnboardingScreenView+App.swift"; sourceTree = "<group>"; };
		35706447248872CC00E45B0D /* QRScannerScreenView.swift */ = {isa = PBXFileReference; fileEncoding = 4; lastKnownFileType = sourcecode.swift; path = QRScannerScreenView.swift; sourceTree = "<group>"; };
		35706448248872CC00E45B0D /* OnboardingScreenView.swift */ = {isa = PBXFileReference; fileEncoding = 4; lastKnownFileType = sourcecode.swift; path = OnboardingScreenView.swift; sourceTree = "<group>"; };
		35706449248872CC00E45B0D /* BaseScreenView.swift */ = {isa = PBXFileReference; fileEncoding = 4; lastKnownFileType = sourcecode.swift; path = BaseScreenView.swift; sourceTree = "<group>"; };
		3570644A248872CC00E45B0D /* MunimapScreenView.swift */ = {isa = PBXFileReference; fileEncoding = 4; lastKnownFileType = sourcecode.swift; path = MunimapScreenView.swift; sourceTree = "<group>"; };
		358A43442450EF0C0064D2F8 /* RemoteJSONDataProvidingTests.swift */ = {isa = PBXFileReference; lastKnownFileType = sourcecode.swift; path = RemoteJSONDataProvidingTests.swift; sourceTree = "<group>"; };
		35B209B524219CED005E65AE /* MainNavigationSceneDependencyProviderTests.swift */ = {isa = PBXFileReference; lastKnownFileType = sourcecode.swift; path = MainNavigationSceneDependencyProviderTests.swift; sourceTree = "<group>"; };
		35B209B72421A0A5005E65AE /* MainNavigationViewControllerTests.swift */ = {isa = PBXFileReference; lastKnownFileType = sourcecode.swift; path = MainNavigationViewControllerTests.swift; sourceTree = "<group>"; };
		35B209B92421A376005E65AE /* WebViewHandlerTests.swift */ = {isa = PBXFileReference; lastKnownFileType = sourcecode.swift; path = WebViewHandlerTests.swift; sourceTree = "<group>"; };
		35B209BB2421A52F005E65AE /* MunimapViewControllerTests.swift */ = {isa = PBXFileReference; lastKnownFileType = sourcecode.swift; path = MunimapViewControllerTests.swift; sourceTree = "<group>"; };
		35E746D124317220003BDA00 /* SURemoteDataInfoTests.swift */ = {isa = PBXFileReference; lastKnownFileType = sourcecode.swift; path = SURemoteDataInfoTests.swift; sourceTree = "<group>"; };
		35E746DA2431770F003BDA00 /* RemoteDataProviderTests.swift */ = {isa = PBXFileReference; lastKnownFileType = sourcecode.swift; path = RemoteDataProviderTests.swift; sourceTree = "<group>"; };
/* End PBXFileReference section */

/* Begin PBXFrameworksBuildPhase section */
		3503C92F240C5A52002F2457 /* Frameworks */ = {
			isa = PBXFrameworksBuildPhase;
			buildActionMask = 2147483647;
			files = (
			);
			runOnlyForDeploymentPostprocessing = 0;
		};
		3503C945240C5A53002F2457 /* Frameworks */ = {
			isa = PBXFrameworksBuildPhase;
			buildActionMask = 2147483647;
			files = (
			);
			runOnlyForDeploymentPostprocessing = 0;
		};
/* End PBXFrameworksBuildPhase section */

/* Begin PBXGroup section */
		3503C929240C5A52002F2457 = {
			isa = PBXGroup;
			children = (
				3503C934240C5A52002F2457 /* SmartUniversity */,
				3503C94B240C5A53002F2457 /* SmartUniversityTests */,
				3503C933240C5A52002F2457 /* Products */,
			);
			sourceTree = "<group>";
		};
		3503C933240C5A52002F2457 /* Products */ = {
			isa = PBXGroup;
			children = (
				3503C932240C5A52002F2457 /* SmartUniversity.app */,
				3503C948240C5A53002F2457 /* SmartUniversityTests.xctest */,
			);
			name = Products;
			sourceTree = "<group>";
		};
		3503C934240C5A52002F2457 /* SmartUniversity */ = {
			isa = PBXGroup;
			children = (
				3570642B248872CC00E45B0D /* Coordinators */,
				357063F6248872CC00E45B0D /* View Controllers */,
				35706443248872CC00E45B0D /* Screen Views */,
				3570642E248872CC00E45B0D /* Models */,
				3570640B248872CC00E45B0D /* Dependencies */,
				357063FD248872CC00E45B0D /* Extensions */,
				3503C93E240C5A53002F2457 /* Assets.xcassets */,
				3503C940240C5A53002F2457 /* LaunchScreen.storyboard */,
				3503C943240C5A53002F2457 /* Info.plist */,
			);
			path = SmartUniversity;
			sourceTree = "<group>";
		};
		3503C94B240C5A53002F2457 /* SmartUniversityTests */ = {
			isa = PBXGroup;
			children = (
				3516B3692416F46F009C5D36 /* Extensions Tests */,
				3516B3662416F147009C5D36 /* View Controller Tests */,
				354329B724157FD40065614A /* Model Tests */,
				354329C0241599EF0065614A /* Dependencies Tests */,
				3503C94E240C5A53002F2457 /* Info.plist */,
			);
			path = SmartUniversityTests;
			sourceTree = "<group>";
		};
		3516B3662416F147009C5D36 /* View Controller Tests */ = {
			isa = PBXGroup;
			children = (
				3516B3672416F162009C5D36 /* BaseViewControllerTests.swift */,
				35B209B72421A0A5005E65AE /* MainNavigationViewControllerTests.swift */,
				35B209BB2421A52F005E65AE /* MunimapViewControllerTests.swift */,
				352B3D31244F7AEC00B422CF /* QRScannerViewControllerTests.swift */,
				352B3D33244FA02400B422CF /* QRScannerViewControllerCaptureSessionTests.swift */,
				352B3D3B244FAF9200B422CF /* QRScannerViewControllerQRPointScanningTests.swift */,
			);
			path = "View Controller Tests";
			sourceTree = "<group>";
		};
		3516B3692416F46F009C5D36 /* Extensions Tests */ = {
			isa = PBXGroup;
			children = (
				3516B36A2416F4A4009C5D36 /* UIViewSizingTests.swift */,
				3516B36C2416F7DE009C5D36 /* UIEdgeInsetsInitTests.swift */,
				3516B37224170961009C5D36 /* UIViewAddSubviewsTests.swift */,
			);
			path = "Extensions Tests";
			sourceTree = "<group>";
		};
		354329B724157FD40065614A /* Model Tests */ = {
			isa = PBXGroup;
			children = (
				351C3EDC245CDD8F001D1278 /* VerticalFrameBasedViewTests.swift */,
				354329BA24157FFB0065614A /* SceneDelegateTests.swift */,
				35E746D124317220003BDA00 /* SURemoteDataInfoTests.swift */,
			);
			path = "Model Tests";
			sourceTree = "<group>";
		};
		354329C0241599EF0065614A /* Dependencies Tests */ = {
			isa = PBXGroup;
			children = (
				35B209B524219CED005E65AE /* MainNavigationSceneDependencyProviderTests.swift */,
				35B209B92421A376005E65AE /* WebViewHandlerTests.swift */,
				35E746DA2431770F003BDA00 /* RemoteDataProviderTests.swift */,
				352B3D38244FAB1600B422CF /* PresentationHandlerTests.swift */,
				352B3D3D244FB4E400B422CF /* QRPointScanningHandlerTests.swift */,
				358A43442450EF0C0064D2F8 /* RemoteJSONDataProvidingTests.swift */,
			);
			path = "Dependencies Tests";
			sourceTree = "<group>";
		};
		357063F6248872CC00E45B0D /* View Controllers */ = {
			isa = PBXGroup;
			children = (
				357063F7248872CC00E45B0D /* BaseViewController.swift */,
				357063F8248872CC00E45B0D /* MunimapViewController.swift */,
				357063F9248872CC00E45B0D /* OnboardingViewController.swift */,
				357063FA248872CC00E45B0D /* QRScannerViewController.swift */,
				357063FB248872CC00E45B0D /* ARViewController.swift */,
				357063FC248872CC00E45B0D /* MainNavigationViewController.swift */,
			);
			path = "View Controllers";
			sourceTree = "<group>";
		};
		357063FD248872CC00E45B0D /* Extensions */ = {
			isa = PBXGroup;
			children = (
				357063FE248872CC00E45B0D /* CoreGraphics */,
				35706400248872CC00E45B0D /* UIKit */,
				35706409248872CC00E45B0D /* SceneKit */,
			);
			path = Extensions;
			sourceTree = "<group>";
		};
		357063FE248872CC00E45B0D /* CoreGraphics */ = {
			isa = PBXGroup;
			children = (
				357063FF248872CC00E45B0D /* CGRect+Inits.swift */,
			);
			path = CoreGraphics;
			sourceTree = "<group>";
		};
		35706400248872CC00E45B0D /* UIKit */ = {
			isa = PBXGroup;
			children = (
				35706401248872CC00E45B0D /* UIColor+HexString.swift */,
				35706402248872CC00E45B0D /* UIEdgeInsets+Init.swift */,
				35706403248872CC00E45B0D /* UIButton+Init.swift */,
				35706404248872CC00E45B0D /* UIView+AddSubviews.swift */,
				35706405248872CC00E45B0D /* UILabel+Init.swift */,
				35706406248872CC00E45B0D /* UIView+Sizing.swift */,
				35706407248872CC00E45B0D /* UIEdgeInsets+Sum.swift */,
				35706408248872CC00E45B0D /* UIEdgeInsets+Merge.swift */,
			);
			path = UIKit;
			sourceTree = "<group>";
		};
		35706409248872CC00E45B0D /* SceneKit */ = {
			isa = PBXGroup;
			children = (
				3570640A248872CC00E45B0D /* SCNObject+Init.swift */,
			);
			path = SceneKit;
			sourceTree = "<group>";
		};
		3570640B248872CC00E45B0D /* Dependencies */ = {
			isa = PBXGroup;
			children = (
				3570640C248872CC00E45B0D /* Providers */,
				35706422248872CC00E45B0D /* Handlers */,
			);
			path = Dependencies;
			sourceTree = "<group>";
		};
		3570640C248872CC00E45B0D /* Providers */ = {
			isa = PBXGroup;
			children = (
				3570640D248872CC00E45B0D /* CaptureDeviceProvider.swift */,
				3570640E248872CC00E45B0D /* App Scene */,
				35706411248872CC00E45B0D /* CaptureSessionProvider.swift */,
				35706412248872CC00E45B0D /* Data */,
				3570641E248872CC00E45B0D /* Remote */,
			);
			path = Providers;
			sourceTree = "<group>";
		};
		3570640E248872CC00E45B0D /* App Scene */ = {
			isa = PBXGroup;
			children = (
				3570640F248872CC00E45B0D /* SceneDependencyProviding.swift */,
				35706410248872CC00E45B0D /* MainNavigationSceneDependencyProvider.swift */,
			);
			path = "App Scene";
			sourceTree = "<group>";
		};
		35706412248872CC00E45B0D /* Data */ = {
			isa = PBXGroup;
			children = (
				35706413248872CC00E45B0D /* UI */,
				35706416248872CC00E45B0D /* AppConfigurationProvider.swift */,
				35706417248872CC00E45B0D /* ARKit */,
				3570641D248872CC00E45B0D /* QRPointsProviding.swift */,
			);
			path = Data;
			sourceTree = "<group>";
		};
		35706413248872CC00E45B0D /* UI */ = {
			isa = PBXGroup;
			children = (
				35706414248872CC00E45B0D /* AppLayoutProvider.swift */,
				35706415248872CC00E45B0D /* AppColorProvider.swift */,
			);
			path = UI;
			sourceTree = "<group>";
		};
		35706417248872CC00E45B0D /* ARKit */ = {
			isa = PBXGroup;
			children = (
				35706418248872CC00E45B0D /* ReferenceImageProviding.swift */,
				35706419248872CC00E45B0D /* MeshObjectProvider.swift */,
				3570641A248872CC00E45B0D /* SceneObjectProviding.swift */,
				3570641B248872CC00E45B0D /* PosterReferenceImageProvider.swift */,
				3570641C248872CC00E45B0D /* RoomsSceneObjectProvider.swift */,
			);
			path = ARKit;
			sourceTree = "<group>";
		};
		3570641E248872CC00E45B0D /* Remote */ = {
			isa = PBXGroup;
			children = (
				3570641F248872CC00E45B0D /* URLSessionProviding.swift */,
				35706420248872CC00E45B0D /* RemoteDataProvider.swift */,
				35706421248872CC00E45B0D /* RemoteJSONDataProviding.swift */,
			);
			path = Remote;
			sourceTree = "<group>";
		};
		35706422248872CC00E45B0D /* Handlers */ = {
			isa = PBXGroup;
			children = (
				35706423248872CC00E45B0D /* UIKit */,
				35706427248872CC00E45B0D /* CaptureSessionHandler.swift */,
				35706428248872CC00E45B0D /* QRPointScanningHandler.swift */,
				35706429248872CC00E45B0D /* ARKit */,
			);
			path = Handlers;
			sourceTree = "<group>";
		};
		35706423248872CC00E45B0D /* UIKit */ = {
			isa = PBXGroup;
			children = (
				35706424248872CC00E45B0D /* WebViewHandler.swift */,
				35706425248872CC00E45B0D /* PresentationHandling.swift */,
				35706426248872CC00E45B0D /* WindowSceneHandling.swift */,
			);
			path = UIKit;
			sourceTree = "<group>";
		};
		35706429248872CC00E45B0D /* ARKit */ = {
			isa = PBXGroup;
			children = (
				3570642A248872CC00E45B0D /* ARSceneViewHandler.swift */,
			);
			path = ARKit;
			sourceTree = "<group>";
		};
		3570642B248872CC00E45B0D /* Coordinators */ = {
			isa = PBXGroup;
			children = (
				3570642C248872CC00E45B0D /* OnboardingCoordinator.swift */,
				3570642D248872CC00E45B0D /* BaseCoordinator.swift */,
			);
			path = Coordinators;
			sourceTree = "<group>";
		};
		3570642E248872CC00E45B0D /* Models */ = {
			isa = PBXGroup;
			children = (
				3570642F248872CC00E45B0D /* Delegates */,
				35706437248872CC00E45B0D /* Views */,
				3570643E248872CC00E45B0D /* Remote */,
			);
			path = Models;
			sourceTree = "<group>";
		};
		3570642F248872CC00E45B0D /* Delegates */ = {
			isa = PBXGroup;
			children = (
				35706430248872CC00E45B0D /* CaptureSessionHandlerDelegate.swift */,
				35706431248872CC00E45B0D /* QRPointScanningHandlerDelegate.swift */,
				35706432248872CC00E45B0D /* App Scene */,
				35706436248872CC00E45B0D /* ARSceneViewHandlerDelegate.swift */,
			);
			path = Delegates;
			sourceTree = "<group>";
		};
		35706432248872CC00E45B0D /* App Scene */ = {
			isa = PBXGroup;
			children = (
				35706433248872CC00E45B0D /* BaseSceneDelegate.swift */,
				35706434248872CC00E45B0D /* AppDelegate.swift */,
				35706435248872CC00E45B0D /* SceneDelegate.swift */,
			);
			path = "App Scene";
			sourceTree = "<group>";
		};
		35706437248872CC00E45B0D /* Views */ = {
			isa = PBXGroup;
			children = (
				35706438248872CC00E45B0D /* ARSceneContainerView.swift */,
				35706439248872CC00E45B0D /* App */,
				3570643B248872CC00E45B0D /* InfoOverlayView.swift */,
				3570643C248872CC00E45B0D /* FrameBasedView.swift */,
				3570643D248872CC00E45B0D /* VerticalFrameBasedView.swift */,
			);
			path = Views;
			sourceTree = "<group>";
		};
		35706439248872CC00E45B0D /* App */ = {
			isa = PBXGroup;
			children = (
				3570643A248872CC00E45B0D /* InfoOverlayView+App.swift */,
			);
			path = App;
			sourceTree = "<group>";
		};
		3570643E248872CC00E45B0D /* Remote */ = {
			isa = PBXGroup;
			children = (
				3570643F248872CC00E45B0D /* ARLocalizedObjectData.swift */,
				35706440248872CC00E45B0D /* HexColor.swift */,
				35706441248872CC00E45B0D /* RemoteJSONDataInfo.swift */,
				35706442248872CC00E45B0D /* QRPoint.swift */,
			);
			path = Remote;
			sourceTree = "<group>";
		};
		35706443248872CC00E45B0D /* Screen Views */ = {
			isa = PBXGroup;
			children = (
				35706444248872CC00E45B0D /* ARScreenView.swift */,
				35706445248872CC00E45B0D /* App */,
				35706447248872CC00E45B0D /* QRScannerScreenView.swift */,
				35706448248872CC00E45B0D /* OnboardingScreenView.swift */,
				35706449248872CC00E45B0D /* BaseScreenView.swift */,
				3570644A248872CC00E45B0D /* MunimapScreenView.swift */,
			);
			path = "Screen Views";
			sourceTree = "<group>";
		};
		35706445248872CC00E45B0D /* App */ = {
			isa = PBXGroup;
			children = (
				35706446248872CC00E45B0D /* OnboardingScreenView+App.swift */,
			);
			path = App;
			sourceTree = "<group>";
		};
/* End PBXGroup section */

/* Begin PBXNativeTarget section */
		3503C931240C5A52002F2457 /* SmartUniversity */ = {
			isa = PBXNativeTarget;
			buildConfigurationList = 3503C951240C5A53002F2457 /* Build configuration list for PBXNativeTarget "SmartUniversity" */;
			buildPhases = (
				3503C92E240C5A52002F2457 /* Sources */,
				357EC615240DBD610030B6A3 /* Run Script - SwiftLint check */,
				3503C92F240C5A52002F2457 /* Frameworks */,
				3503C930240C5A52002F2457 /* Resources */,
			);
			buildRules = (
			);
			dependencies = (
			);
			name = SmartUniversity;
			productName = SmartUniversity;
			productReference = 3503C932240C5A52002F2457 /* SmartUniversity.app */;
			productType = "com.apple.product-type.application";
		};
		3503C947240C5A53002F2457 /* SmartUniversityTests */ = {
			isa = PBXNativeTarget;
			buildConfigurationList = 3503C954240C5A53002F2457 /* Build configuration list for PBXNativeTarget "SmartUniversityTests" */;
			buildPhases = (
				3503C944240C5A53002F2457 /* Sources */,
				3503C945240C5A53002F2457 /* Frameworks */,
				3503C946240C5A53002F2457 /* Resources */,
			);
			buildRules = (
			);
			dependencies = (
				3503C94A240C5A53002F2457 /* PBXTargetDependency */,
			);
			name = SmartUniversityTests;
			productName = SmartUniversityTests;
			productReference = 3503C948240C5A53002F2457 /* SmartUniversityTests.xctest */;
			productType = "com.apple.product-type.bundle.unit-test";
		};
/* End PBXNativeTarget section */

/* Begin PBXProject section */
		3503C92A240C5A52002F2457 /* Project object */ = {
			isa = PBXProject;
			attributes = {
				LastSwiftUpdateCheck = 1120;
				LastUpgradeCheck = 1120;
				ORGANIZATIONNAME = "Tomas Skypala";
				TargetAttributes = {
					3503C931240C5A52002F2457 = {
						CreatedOnToolsVersion = 11.2.1;
					};
					3503C947240C5A53002F2457 = {
						CreatedOnToolsVersion = 11.2.1;
						TestTargetID = 3503C931240C5A52002F2457;
					};
				};
			};
			buildConfigurationList = 3503C92D240C5A52002F2457 /* Build configuration list for PBXProject "SmartUniversity" */;
			compatibilityVersion = "Xcode 9.3";
			developmentRegion = en;
			hasScannedForEncodings = 0;
			knownRegions = (
				en,
				Base,
			);
			mainGroup = 3503C929240C5A52002F2457;
			productRefGroup = 3503C933240C5A52002F2457 /* Products */;
			projectDirPath = "";
			projectRoot = "";
			targets = (
				3503C931240C5A52002F2457 /* SmartUniversity */,
				3503C947240C5A53002F2457 /* SmartUniversityTests */,
			);
		};
/* End PBXProject section */

/* Begin PBXResourcesBuildPhase section */
		3503C930240C5A52002F2457 /* Resources */ = {
			isa = PBXResourcesBuildPhase;
			buildActionMask = 2147483647;
			files = (
				3503C942240C5A53002F2457 /* LaunchScreen.storyboard in Resources */,
				3503C93F240C5A53002F2457 /* Assets.xcassets in Resources */,
			);
			runOnlyForDeploymentPostprocessing = 0;
		};
		3503C946240C5A53002F2457 /* Resources */ = {
			isa = PBXResourcesBuildPhase;
			buildActionMask = 2147483647;
			files = (
			);
			runOnlyForDeploymentPostprocessing = 0;
		};
/* End PBXResourcesBuildPhase section */

/* Begin PBXShellScriptBuildPhase section */
		357EC615240DBD610030B6A3 /* Run Script - SwiftLint check */ = {
			isa = PBXShellScriptBuildPhase;
			buildActionMask = 2147483647;
			files = (
			);
			inputFileListPaths = (
			);
			inputPaths = (
			);
			name = "Run Script - SwiftLint check";
			outputFileListPaths = (
			);
			outputPaths = (
			);
			runOnlyForDeploymentPostprocessing = 0;
			shellPath = /bin/sh;
			shellScript = "if which swiftlint >/dev/null; then\n  swiftlint\nelse\n  echo \"warning: SwiftLint not installed, download from https://github.com/realm/SwiftLint\"\nfi\n";
		};
/* End PBXShellScriptBuildPhase section */

/* Begin PBXSourcesBuildPhase section */
		3503C92E240C5A52002F2457 /* Sources */ = {
			isa = PBXSourcesBuildPhase;
			buildActionMask = 2147483647;
			files = (
				35706476248872CC00E45B0D /* AppDelegate.swift in Sources */,
				35706460248872CC00E45B0D /* AppColorProvider.swift in Sources */,
				3570645B248872CC00E45B0D /* CaptureDeviceProvider.swift in Sources */,
				3570647D248872CC00E45B0D /* VerticalFrameBasedView.swift in Sources */,
				35706453248872CC00E45B0D /* UIEdgeInsets+Init.swift in Sources */,
				35706486248872CC00E45B0D /* BaseScreenView.swift in Sources */,
				35706470248872CC00E45B0D /* ARSceneViewHandler.swift in Sources */,
				35706454248872CC00E45B0D /* UIButton+Init.swift in Sources */,
				3570646D248872CC00E45B0D /* WindowSceneHandling.swift in Sources */,
				35706456248872CC00E45B0D /* UILabel+Init.swift in Sources */,
				3570647C248872CC00E45B0D /* FrameBasedView.swift in Sources */,
				35706475248872CC00E45B0D /* BaseSceneDelegate.swift in Sources */,
				35706481248872CC00E45B0D /* QRPoint.swift in Sources */,
				3570647A248872CC00E45B0D /* InfoOverlayView+App.swift in Sources */,
				35706483248872CC00E45B0D /* OnboardingScreenView+App.swift in Sources */,
				3570645C248872CC00E45B0D /* SceneDependencyProviding.swift in Sources */,
				3570647E248872CC00E45B0D /* ARLocalizedObjectData.swift in Sources */,
				3570644E248872CC00E45B0D /* QRScannerViewController.swift in Sources */,
				35706450248872CC00E45B0D /* MainNavigationViewController.swift in Sources */,
				35706451248872CC00E45B0D /* CGRect+Inits.swift in Sources */,
				35706466248872CC00E45B0D /* RoomsSceneObjectProvider.swift in Sources */,
				35706482248872CC00E45B0D /* ARScreenView.swift in Sources */,
				3570647B248872CC00E45B0D /* InfoOverlayView.swift in Sources */,
				35706480248872CC00E45B0D /* RemoteJSONDataInfo.swift in Sources */,
				35706474248872CC00E45B0D /* QRPointScanningHandlerDelegate.swift in Sources */,
				3570646A248872CC00E45B0D /* RemoteJSONDataProviding.swift in Sources */,
				3570646B248872CC00E45B0D /* WebViewHandler.swift in Sources */,
				3570646F248872CC00E45B0D /* QRPointScanningHandler.swift in Sources */,
				35706472248872CC00E45B0D /* BaseCoordinator.swift in Sources */,
				35706461248872CC00E45B0D /* AppConfigurationProvider.swift in Sources */,
				35706477248872CC00E45B0D /* SceneDelegate.swift in Sources */,
				35706471248872CC00E45B0D /* OnboardingCoordinator.swift in Sources */,
				35706458248872CC00E45B0D /* UIEdgeInsets+Sum.swift in Sources */,
				3570644C248872CC00E45B0D /* MunimapViewController.swift in Sources */,
				35706473248872CC00E45B0D /* CaptureSessionHandlerDelegate.swift in Sources */,
				3570645E248872CC00E45B0D /* CaptureSessionProvider.swift in Sources */,
				3570644D248872CC00E45B0D /* OnboardingViewController.swift in Sources */,
				35706469248872CC00E45B0D /* RemoteDataProvider.swift in Sources */,
				35706478248872CC00E45B0D /* ARSceneViewHandlerDelegate.swift in Sources */,
				3570645A248872CC00E45B0D /* SCNObject+Init.swift in Sources */,
				35706465248872CC00E45B0D /* PosterReferenceImageProvider.swift in Sources */,
				3570644B248872CC00E45B0D /* BaseViewController.swift in Sources */,
				35706459248872CC00E45B0D /* UIEdgeInsets+Merge.swift in Sources */,
				35706452248872CC00E45B0D /* UIColor+HexString.swift in Sources */,
				3570646E248872CC00E45B0D /* CaptureSessionHandler.swift in Sources */,
				3570647F248872CC00E45B0D /* HexColor.swift in Sources */,
				3570644F248872CC00E45B0D /* ARViewController.swift in Sources */,
				35706484248872CC00E45B0D /* QRScannerScreenView.swift in Sources */,
				35706485248872CC00E45B0D /* OnboardingScreenView.swift in Sources */,
				3570645F248872CC00E45B0D /* AppLayoutProvider.swift in Sources */,
				35706479248872CC00E45B0D /* ARSceneContainerView.swift in Sources */,
				35706462248872CC00E45B0D /* ReferenceImageProviding.swift in Sources */,
				35706487248872CC00E45B0D /* MunimapScreenView.swift in Sources */,
				3570646C248872CC00E45B0D /* PresentationHandling.swift in Sources */,
				35706455248872CC00E45B0D /* UIView+AddSubviews.swift in Sources */,
				35706464248872CC00E45B0D /* SceneObjectProviding.swift in Sources */,
				3570645D248872CC00E45B0D /* MainNavigationSceneDependencyProvider.swift in Sources */,
				35706457248872CC00E45B0D /* UIView+Sizing.swift in Sources */,
				35706468248872CC00E45B0D /* URLSessionProviding.swift in Sources */,
				35706467248872CC00E45B0D /* QRPointsProviding.swift in Sources */,
				35706463248872CC00E45B0D /* MeshObjectProvider.swift in Sources */,
			);
			runOnlyForDeploymentPostprocessing = 0;
		};
		3503C944240C5A53002F2457 /* Sources */ = {
			isa = PBXSourcesBuildPhase;
			buildActionMask = 2147483647;
			files = (
				35E746DB2431770F003BDA00 /* RemoteDataProviderTests.swift in Sources */,
				358A43452450EF0C0064D2F8 /* RemoteJSONDataProvidingTests.swift in Sources */,
				351C3EDD245CDD8F001D1278 /* VerticalFrameBasedViewTests.swift in Sources */,
				352B3D3E244FB4E400B422CF /* QRPointScanningHandlerTests.swift in Sources */,
				354329BB24157FFB0065614A /* SceneDelegateTests.swift in Sources */,
				3516B36B2416F4A4009C5D36 /* UIViewSizingTests.swift in Sources */,
				35B209BA2421A376005E65AE /* WebViewHandlerTests.swift in Sources */,
				3516B3682416F162009C5D36 /* BaseViewControllerTests.swift in Sources */,
				35B209B82421A0A5005E65AE /* MainNavigationViewControllerTests.swift in Sources */,
				352B3D39244FAB1600B422CF /* PresentationHandlerTests.swift in Sources */,
				352B3D3C244FAF9200B422CF /* QRScannerViewControllerQRPointScanningTests.swift in Sources */,
				3516B36D2416F7DE009C5D36 /* UIEdgeInsetsInitTests.swift in Sources */,
				35E746D224317220003BDA00 /* SURemoteDataInfoTests.swift in Sources */,
				35B209B624219CED005E65AE /* MainNavigationSceneDependencyProviderTests.swift in Sources */,
				35B209BC2421A52F005E65AE /* MunimapViewControllerTests.swift in Sources */,
				352B3D32244F7AEC00B422CF /* QRScannerViewControllerTests.swift in Sources */,
				352B3D34244FA02400B422CF /* QRScannerViewControllerCaptureSessionTests.swift in Sources */,
				3516B37324170961009C5D36 /* UIViewAddSubviewsTests.swift in Sources */,
			);
			runOnlyForDeploymentPostprocessing = 0;
		};
/* End PBXSourcesBuildPhase section */

/* Begin PBXTargetDependency section */
		3503C94A240C5A53002F2457 /* PBXTargetDependency */ = {
			isa = PBXTargetDependency;
			target = 3503C931240C5A52002F2457 /* SmartUniversity */;
			targetProxy = 3503C949240C5A53002F2457 /* PBXContainerItemProxy */;
		};
/* End PBXTargetDependency section */

/* Begin PBXVariantGroup section */
		3503C940240C5A53002F2457 /* LaunchScreen.storyboard */ = {
			isa = PBXVariantGroup;
			children = (
				3503C941240C5A53002F2457 /* Base */,
			);
			name = LaunchScreen.storyboard;
			sourceTree = "<group>";
		};
/* End PBXVariantGroup section */

/* Begin XCBuildConfiguration section */
		3503C94F240C5A53002F2457 /* Debug */ = {
			isa = XCBuildConfiguration;
			buildSettings = {
				ALWAYS_SEARCH_USER_PATHS = NO;
				CLANG_ANALYZER_NONNULL = YES;
				CLANG_ANALYZER_NUMBER_OBJECT_CONVERSION = YES_AGGRESSIVE;
				CLANG_CXX_LANGUAGE_STANDARD = "gnu++14";
				CLANG_CXX_LIBRARY = "libc++";
				CLANG_ENABLE_MODULES = YES;
				CLANG_ENABLE_OBJC_ARC = YES;
				CLANG_ENABLE_OBJC_WEAK = YES;
				CLANG_WARN_BLOCK_CAPTURE_AUTORELEASING = YES;
				CLANG_WARN_BOOL_CONVERSION = YES;
				CLANG_WARN_COMMA = YES;
				CLANG_WARN_CONSTANT_CONVERSION = YES;
				CLANG_WARN_DEPRECATED_OBJC_IMPLEMENTATIONS = YES;
				CLANG_WARN_DIRECT_OBJC_ISA_USAGE = YES_ERROR;
				CLANG_WARN_DOCUMENTATION_COMMENTS = YES;
				CLANG_WARN_EMPTY_BODY = YES;
				CLANG_WARN_ENUM_CONVERSION = YES;
				CLANG_WARN_INFINITE_RECURSION = YES;
				CLANG_WARN_INT_CONVERSION = YES;
				CLANG_WARN_NON_LITERAL_NULL_CONVERSION = YES;
				CLANG_WARN_OBJC_IMPLICIT_RETAIN_SELF = YES;
				CLANG_WARN_OBJC_LITERAL_CONVERSION = YES;
				CLANG_WARN_OBJC_ROOT_CLASS = YES_ERROR;
				CLANG_WARN_RANGE_LOOP_ANALYSIS = YES;
				CLANG_WARN_STRICT_PROTOTYPES = YES;
				CLANG_WARN_SUSPICIOUS_MOVE = YES;
				CLANG_WARN_UNGUARDED_AVAILABILITY = YES_AGGRESSIVE;
				CLANG_WARN_UNREACHABLE_CODE = YES;
				CLANG_WARN__DUPLICATE_METHOD_MATCH = YES;
				COPY_PHASE_STRIP = NO;
				DEBUG_INFORMATION_FORMAT = dwarf;
				ENABLE_STRICT_OBJC_MSGSEND = YES;
				ENABLE_TESTABILITY = YES;
				GCC_C_LANGUAGE_STANDARD = gnu11;
				GCC_DYNAMIC_NO_PIC = NO;
				GCC_NO_COMMON_BLOCKS = YES;
				GCC_OPTIMIZATION_LEVEL = 0;
				GCC_PREPROCESSOR_DEFINITIONS = (
					"DEBUG=1",
					"$(inherited)",
				);
				GCC_WARN_64_TO_32_BIT_CONVERSION = YES;
				GCC_WARN_ABOUT_RETURN_TYPE = YES_ERROR;
				GCC_WARN_UNDECLARED_SELECTOR = YES;
				GCC_WARN_UNINITIALIZED_AUTOS = YES_AGGRESSIVE;
				GCC_WARN_UNUSED_FUNCTION = YES;
				GCC_WARN_UNUSED_VARIABLE = YES;
				IPHONEOS_DEPLOYMENT_TARGET = 13.2;
				MTL_ENABLE_DEBUG_INFO = INCLUDE_SOURCE;
				MTL_FAST_MATH = YES;
				ONLY_ACTIVE_ARCH = YES;
				SDKROOT = iphoneos;
				SWIFT_ACTIVE_COMPILATION_CONDITIONS = DEBUG;
				SWIFT_OPTIMIZATION_LEVEL = "-Onone";
			};
			name = Debug;
		};
		3503C950240C5A53002F2457 /* Release */ = {
			isa = XCBuildConfiguration;
			buildSettings = {
				ALWAYS_SEARCH_USER_PATHS = NO;
				CLANG_ANALYZER_NONNULL = YES;
				CLANG_ANALYZER_NUMBER_OBJECT_CONVERSION = YES_AGGRESSIVE;
				CLANG_CXX_LANGUAGE_STANDARD = "gnu++14";
				CLANG_CXX_LIBRARY = "libc++";
				CLANG_ENABLE_MODULES = YES;
				CLANG_ENABLE_OBJC_ARC = YES;
				CLANG_ENABLE_OBJC_WEAK = YES;
				CLANG_WARN_BLOCK_CAPTURE_AUTORELEASING = YES;
				CLANG_WARN_BOOL_CONVERSION = YES;
				CLANG_WARN_COMMA = YES;
				CLANG_WARN_CONSTANT_CONVERSION = YES;
				CLANG_WARN_DEPRECATED_OBJC_IMPLEMENTATIONS = YES;
				CLANG_WARN_DIRECT_OBJC_ISA_USAGE = YES_ERROR;
				CLANG_WARN_DOCUMENTATION_COMMENTS = YES;
				CLANG_WARN_EMPTY_BODY = YES;
				CLANG_WARN_ENUM_CONVERSION = YES;
				CLANG_WARN_INFINITE_RECURSION = YES;
				CLANG_WARN_INT_CONVERSION = YES;
				CLANG_WARN_NON_LITERAL_NULL_CONVERSION = YES;
				CLANG_WARN_OBJC_IMPLICIT_RETAIN_SELF = YES;
				CLANG_WARN_OBJC_LITERAL_CONVERSION = YES;
				CLANG_WARN_OBJC_ROOT_CLASS = YES_ERROR;
				CLANG_WARN_RANGE_LOOP_ANALYSIS = YES;
				CLANG_WARN_STRICT_PROTOTYPES = YES;
				CLANG_WARN_SUSPICIOUS_MOVE = YES;
				CLANG_WARN_UNGUARDED_AVAILABILITY = YES_AGGRESSIVE;
				CLANG_WARN_UNREACHABLE_CODE = YES;
				CLANG_WARN__DUPLICATE_METHOD_MATCH = YES;
				COPY_PHASE_STRIP = NO;
				DEBUG_INFORMATION_FORMAT = "dwarf-with-dsym";
				ENABLE_NS_ASSERTIONS = NO;
				ENABLE_STRICT_OBJC_MSGSEND = YES;
				GCC_C_LANGUAGE_STANDARD = gnu11;
				GCC_NO_COMMON_BLOCKS = YES;
				GCC_WARN_64_TO_32_BIT_CONVERSION = YES;
				GCC_WARN_ABOUT_RETURN_TYPE = YES_ERROR;
				GCC_WARN_UNDECLARED_SELECTOR = YES;
				GCC_WARN_UNINITIALIZED_AUTOS = YES_AGGRESSIVE;
				GCC_WARN_UNUSED_FUNCTION = YES;
				GCC_WARN_UNUSED_VARIABLE = YES;
				IPHONEOS_DEPLOYMENT_TARGET = 13.2;
				MTL_ENABLE_DEBUG_INFO = NO;
				MTL_FAST_MATH = YES;
				SDKROOT = iphoneos;
				SWIFT_COMPILATION_MODE = wholemodule;
				SWIFT_OPTIMIZATION_LEVEL = "-O";
				VALIDATE_PRODUCT = YES;
			};
			name = Release;
		};
		3503C952240C5A53002F2457 /* Debug */ = {
			isa = XCBuildConfiguration;
			buildSettings = {
				ASSETCATALOG_COMPILER_APPICON_NAME = AppIcon;
				CODE_SIGN_STYLE = Automatic;
				DEVELOPMENT_TEAM = B4UQ3LXCE4;
				INFOPLIST_FILE = SmartUniversity/Info.plist;
				LD_RUNPATH_SEARCH_PATHS = (
					"$(inherited)",
					"@executable_path/Frameworks",
				);
				PRODUCT_BUNDLE_IDENTIFIER = xskypala.SmartUniversity;
				PRODUCT_NAME = "$(TARGET_NAME)";
				SWIFT_VERSION = 5.0;
				TARGETED_DEVICE_FAMILY = "1,2";
			};
			name = Debug;
		};
		3503C953240C5A53002F2457 /* Release */ = {
			isa = XCBuildConfiguration;
			buildSettings = {
				ASSETCATALOG_COMPILER_APPICON_NAME = AppIcon;
				CODE_SIGN_STYLE = Automatic;
				DEVELOPMENT_TEAM = B4UQ3LXCE4;
				INFOPLIST_FILE = SmartUniversity/Info.plist;
				LD_RUNPATH_SEARCH_PATHS = (
					"$(inherited)",
					"@executable_path/Frameworks",
				);
				PRODUCT_BUNDLE_IDENTIFIER = xskypala.SmartUniversity;
				PRODUCT_NAME = "$(TARGET_NAME)";
				SWIFT_VERSION = 5.0;
				TARGETED_DEVICE_FAMILY = "1,2";
			};
			name = Release;
		};
		3503C955240C5A53002F2457 /* Debug */ = {
			isa = XCBuildConfiguration;
			buildSettings = {
				ALWAYS_EMBED_SWIFT_STANDARD_LIBRARIES = YES;
				BUNDLE_LOADER = "$(TEST_HOST)";
				CODE_SIGN_STYLE = Automatic;
				DEVELOPMENT_TEAM = B4UQ3LXCE4;
				INFOPLIST_FILE = SmartUniversityTests/Info.plist;
				IPHONEOS_DEPLOYMENT_TARGET = 13.2;
				LD_RUNPATH_SEARCH_PATHS = (
					"$(inherited)",
					"@executable_path/Frameworks",
					"@loader_path/Frameworks",
				);
				PRODUCT_BUNDLE_IDENTIFIER = xskypala.SmartUniversityTests;
				PRODUCT_NAME = "$(TARGET_NAME)";
				SWIFT_VERSION = 5.0;
				TARGETED_DEVICE_FAMILY = "1,2";
				TEST_HOST = "$(BUILT_PRODUCTS_DIR)/SmartUniversity.app/SmartUniversity";
			};
			name = Debug;
		};
		3503C956240C5A53002F2457 /* Release */ = {
			isa = XCBuildConfiguration;
			buildSettings = {
				ALWAYS_EMBED_SWIFT_STANDARD_LIBRARIES = YES;
				BUNDLE_LOADER = "$(TEST_HOST)";
				CODE_SIGN_STYLE = Automatic;
				DEVELOPMENT_TEAM = B4UQ3LXCE4;
				INFOPLIST_FILE = SmartUniversityTests/Info.plist;
				IPHONEOS_DEPLOYMENT_TARGET = 13.2;
				LD_RUNPATH_SEARCH_PATHS = (
					"$(inherited)",
					"@executable_path/Frameworks",
					"@loader_path/Frameworks",
				);
				PRODUCT_BUNDLE_IDENTIFIER = xskypala.SmartUniversityTests;
				PRODUCT_NAME = "$(TARGET_NAME)";
				SWIFT_VERSION = 5.0;
				TARGETED_DEVICE_FAMILY = "1,2";
				TEST_HOST = "$(BUILT_PRODUCTS_DIR)/SmartUniversity.app/SmartUniversity";
			};
			name = Release;
		};
/* End XCBuildConfiguration section */

/* Begin XCConfigurationList section */
		3503C92D240C5A52002F2457 /* Build configuration list for PBXProject "SmartUniversity" */ = {
			isa = XCConfigurationList;
			buildConfigurations = (
				3503C94F240C5A53002F2457 /* Debug */,
				3503C950240C5A53002F2457 /* Release */,
			);
			defaultConfigurationIsVisible = 0;
			defaultConfigurationName = Release;
		};
		3503C951240C5A53002F2457 /* Build configuration list for PBXNativeTarget "SmartUniversity" */ = {
			isa = XCConfigurationList;
			buildConfigurations = (
				3503C952240C5A53002F2457 /* Debug */,
				3503C953240C5A53002F2457 /* Release */,
			);
			defaultConfigurationIsVisible = 0;
			defaultConfigurationName = Release;
		};
		3503C954240C5A53002F2457 /* Build configuration list for PBXNativeTarget "SmartUniversityTests" */ = {
			isa = XCConfigurationList;
			buildConfigurations = (
				3503C955240C5A53002F2457 /* Debug */,
				3503C956240C5A53002F2457 /* Release */,
			);
			defaultConfigurationIsVisible = 0;
			defaultConfigurationName = Release;
		};
/* End XCConfigurationList section */
	};
	rootObject = 3503C92A240C5A52002F2457 /* Project object */;
}
