// !$*UTF8*$!
{
	archiveVersion = 1;
	classes = {
	};
	objectVersion = 50;
	objects = {

/* Begin PBXBuildFile section */
		3503C936240C5A52002F2457 /* AppDelegate.swift in Sources */ = {isa = PBXBuildFile; fileRef = 3503C935240C5A52002F2457 /* AppDelegate.swift */; };
		3503C938240C5A52002F2457 /* SceneDelegate.swift in Sources */ = {isa = PBXBuildFile; fileRef = 3503C937240C5A52002F2457 /* SceneDelegate.swift */; };
		3503C93F240C5A53002F2457 /* Assets.xcassets in Resources */ = {isa = PBXBuildFile; fileRef = 3503C93E240C5A53002F2457 /* Assets.xcassets */; };
		3503C942240C5A53002F2457 /* LaunchScreen.storyboard in Resources */ = {isa = PBXBuildFile; fileRef = 3503C940240C5A53002F2457 /* LaunchScreen.storyboard */; };
		3503C94D240C5A53002F2457 /* SmartUniversityTests.swift in Sources */ = {isa = PBXBuildFile; fileRef = 3503C94C240C5A53002F2457 /* SmartUniversityTests.swift */; };
		354329AE24157D670065614A /* SceneDependencyProviding.swift in Sources */ = {isa = PBXBuildFile; fileRef = 354329AD24157D670065614A /* SceneDependencyProviding.swift */; };
		354329B124157DAF0065614A /* WindowSceneHandling.swift in Sources */ = {isa = PBXBuildFile; fileRef = 354329B024157DAF0065614A /* WindowSceneHandling.swift */; };
		354329B624157F620065614A /* BaseSceneDelegate.swift in Sources */ = {isa = PBXBuildFile; fileRef = 354329B524157F620065614A /* BaseSceneDelegate.swift */; };
		357EC61B240DCFA50030B6A3 /* ARSceneDependencyProvider.swift in Sources */ = {isa = PBXBuildFile; fileRef = 357EC61A240DCFA50030B6A3 /* ARSceneDependencyProvider.swift */; };
		357EC61F240DD8370030B6A3 /* ARSceneConfiguration.swift in Sources */ = {isa = PBXBuildFile; fileRef = 357EC61E240DD8370030B6A3 /* ARSceneConfiguration.swift */; };
		357EC622240DD8FB0030B6A3 /* ARScreenView.swift in Sources */ = {isa = PBXBuildFile; fileRef = 357EC621240DD8FB0030B6A3 /* ARScreenView.swift */; };
		357EC624240DD90F0030B6A3 /* BaseScreenView.swift in Sources */ = {isa = PBXBuildFile; fileRef = 357EC623240DD90F0030B6A3 /* BaseScreenView.swift */; };
		357EC628240DDD620030B6A3 /* BaseViewController.swift in Sources */ = {isa = PBXBuildFile; fileRef = 357EC627240DDD620030B6A3 /* BaseViewController.swift */; };
		357EC62A240DDEC00030B6A3 /* ARViewController.swift in Sources */ = {isa = PBXBuildFile; fileRef = 357EC629240DDEC00030B6A3 /* ARViewController.swift */; };
		357EC62D240DE10D0030B6A3 /* FrameBasedView.swift in Sources */ = {isa = PBXBuildFile; fileRef = 357EC62C240DE10D0030B6A3 /* FrameBasedView.swift */; };
		357EC631240DE74A0030B6A3 /* UIEdgeInsets+init.swift in Sources */ = {isa = PBXBuildFile; fileRef = 357EC630240DE74A0030B6A3 /* UIEdgeInsets+init.swift */; };
		35DAB2BE240DEA4B00D60590 /* UIView+Sizing.swift in Sources */ = {isa = PBXBuildFile; fileRef = 35DAB2BD240DEA4B00D60590 /* UIView+Sizing.swift */; };
/* End PBXBuildFile section */

/* Begin PBXContainerItemProxy section */
		3503C949240C5A53002F2457 /* PBXContainerItemProxy */ = {
			isa = PBXContainerItemProxy;
			containerPortal = 3503C92A240C5A52002F2457 /* Project object */;
			proxyType = 1;
			remoteGlobalIDString = 3503C931240C5A52002F2457;
			remoteInfo = SmartUniversity;
		};
/* End PBXContainerItemProxy section */

/* Begin PBXFileReference section */
		3503C932240C5A52002F2457 /* SmartUniversity.app */ = {isa = PBXFileReference; explicitFileType = wrapper.application; includeInIndex = 0; path = SmartUniversity.app; sourceTree = BUILT_PRODUCTS_DIR; };
		3503C935240C5A52002F2457 /* AppDelegate.swift */ = {isa = PBXFileReference; lastKnownFileType = sourcecode.swift; path = AppDelegate.swift; sourceTree = "<group>"; };
		3503C937240C5A52002F2457 /* SceneDelegate.swift */ = {isa = PBXFileReference; lastKnownFileType = sourcecode.swift; path = SceneDelegate.swift; sourceTree = "<group>"; };
		3503C93E240C5A53002F2457 /* Assets.xcassets */ = {isa = PBXFileReference; lastKnownFileType = folder.assetcatalog; path = Assets.xcassets; sourceTree = "<group>"; };
		3503C941240C5A53002F2457 /* Base */ = {isa = PBXFileReference; lastKnownFileType = file.storyboard; name = Base; path = Base.lproj/LaunchScreen.storyboard; sourceTree = "<group>"; };
		3503C943240C5A53002F2457 /* Info.plist */ = {isa = PBXFileReference; lastKnownFileType = text.plist.xml; path = Info.plist; sourceTree = "<group>"; };
		3503C948240C5A53002F2457 /* SmartUniversityTests.xctest */ = {isa = PBXFileReference; explicitFileType = wrapper.cfbundle; includeInIndex = 0; path = SmartUniversityTests.xctest; sourceTree = BUILT_PRODUCTS_DIR; };
		3503C94C240C5A53002F2457 /* SmartUniversityTests.swift */ = {isa = PBXFileReference; lastKnownFileType = sourcecode.swift; path = SmartUniversityTests.swift; sourceTree = "<group>"; };
		3503C94E240C5A53002F2457 /* Info.plist */ = {isa = PBXFileReference; lastKnownFileType = text.plist.xml; path = Info.plist; sourceTree = "<group>"; };
		354329AD24157D670065614A /* SceneDependencyProviding.swift */ = {isa = PBXFileReference; lastKnownFileType = sourcecode.swift; path = SceneDependencyProviding.swift; sourceTree = "<group>"; };
		354329B024157DAF0065614A /* WindowSceneHandling.swift */ = {isa = PBXFileReference; lastKnownFileType = sourcecode.swift; path = WindowSceneHandling.swift; sourceTree = "<group>"; };
		354329B524157F620065614A /* BaseSceneDelegate.swift */ = {isa = PBXFileReference; lastKnownFileType = sourcecode.swift; path = BaseSceneDelegate.swift; sourceTree = "<group>"; };
		357EC61A240DCFA50030B6A3 /* ARSceneDependencyProvider.swift */ = {isa = PBXFileReference; lastKnownFileType = sourcecode.swift; name = ARSceneDependencyProvider.swift; path = ../ARSceneDependencyProvider.swift; sourceTree = "<group>"; };
		357EC61E240DD8370030B6A3 /* ARSceneConfiguration.swift */ = {isa = PBXFileReference; lastKnownFileType = sourcecode.swift; path = ARSceneConfiguration.swift; sourceTree = "<group>"; };
		357EC621240DD8FB0030B6A3 /* ARScreenView.swift */ = {isa = PBXFileReference; lastKnownFileType = sourcecode.swift; path = ARScreenView.swift; sourceTree = "<group>"; };
		357EC623240DD90F0030B6A3 /* BaseScreenView.swift */ = {isa = PBXFileReference; lastKnownFileType = sourcecode.swift; path = BaseScreenView.swift; sourceTree = "<group>"; };
		357EC627240DDD620030B6A3 /* BaseViewController.swift */ = {isa = PBXFileReference; lastKnownFileType = sourcecode.swift; path = BaseViewController.swift; sourceTree = "<group>"; };
		357EC629240DDEC00030B6A3 /* ARViewController.swift */ = {isa = PBXFileReference; lastKnownFileType = sourcecode.swift; path = ARViewController.swift; sourceTree = "<group>"; };
		357EC62C240DE10D0030B6A3 /* FrameBasedView.swift */ = {isa = PBXFileReference; lastKnownFileType = sourcecode.swift; path = FrameBasedView.swift; sourceTree = "<group>"; };
		357EC630240DE74A0030B6A3 /* UIEdgeInsets+init.swift */ = {isa = PBXFileReference; lastKnownFileType = sourcecode.swift; path = "UIEdgeInsets+init.swift"; sourceTree = "<group>"; };
		35DAB2BD240DEA4B00D60590 /* UIView+Sizing.swift */ = {isa = PBXFileReference; lastKnownFileType = sourcecode.swift; path = "UIView+Sizing.swift"; sourceTree = "<group>"; };
/* End PBXFileReference section */

/* Begin PBXFrameworksBuildPhase section */
		3503C92F240C5A52002F2457 /* Frameworks */ = {
			isa = PBXFrameworksBuildPhase;
			buildActionMask = 2147483647;
			files = (
			);
			runOnlyForDeploymentPostprocessing = 0;
		};
		3503C945240C5A53002F2457 /* Frameworks */ = {
			isa = PBXFrameworksBuildPhase;
			buildActionMask = 2147483647;
			files = (
			);
			runOnlyForDeploymentPostprocessing = 0;
		};
/* End PBXFrameworksBuildPhase section */

/* Begin PBXGroup section */
		3503C929240C5A52002F2457 = {
			isa = PBXGroup;
			children = (
				3503C934240C5A52002F2457 /* SmartUniversity */,
				3503C94B240C5A53002F2457 /* SmartUniversityTests */,
				3503C933240C5A52002F2457 /* Products */,
			);
			sourceTree = "<group>";
		};
		3503C933240C5A52002F2457 /* Products */ = {
			isa = PBXGroup;
			children = (
				3503C932240C5A52002F2457 /* SmartUniversity.app */,
				3503C948240C5A53002F2457 /* SmartUniversityTests.xctest */,
			);
			name = Products;
			sourceTree = "<group>";
		};
		3503C934240C5A52002F2457 /* SmartUniversity */ = {
			isa = PBXGroup;
			children = (
				357EC62E240DE7150030B6A3 /* Extensions */,
				357EC62B240DE0D20030B6A3 /* Models */,
				357EC626240DDD510030B6A3 /* View Controllers */,
				357EC620240DD8E70030B6A3 /* Screen Views */,
				357EC61D240DD38A0030B6A3 /* Scene Configurations */,
				357EC619240DCF890030B6A3 /* Dependencies */,
				3503C935240C5A52002F2457 /* AppDelegate.swift */,
				3503C93E240C5A53002F2457 /* Assets.xcassets */,
				3503C940240C5A53002F2457 /* LaunchScreen.storyboard */,
				3503C943240C5A53002F2457 /* Info.plist */,
			);
			path = SmartUniversity;
			sourceTree = "<group>";
		};
		3503C94B240C5A53002F2457 /* SmartUniversityTests */ = {
			isa = PBXGroup;
			children = (
				3503C94C240C5A53002F2457 /* SmartUniversityTests.swift */,
				3503C94E240C5A53002F2457 /* Info.plist */,
			);
			path = SmartUniversityTests;
			sourceTree = "<group>";
		};
		354329AC24157D550065614A /* Providers */ = {
			isa = PBXGroup;
			children = (
				354329AD24157D670065614A /* SceneDependencyProviding.swift */,
				357EC61A240DCFA50030B6A3 /* ARSceneDependencyProvider.swift */,
			);
			path = Providers;
			sourceTree = "<group>";
		};
		354329AF24157D9D0065614A /* Handlers */ = {
			isa = PBXGroup;
			children = (
				354329B024157DAF0065614A /* WindowSceneHandling.swift */,
			);
			path = Handlers;
			sourceTree = "<group>";
		};
		357EC619240DCF890030B6A3 /* Dependencies */ = {
			isa = PBXGroup;
			children = (
				354329AF24157D9D0065614A /* Handlers */,
				354329AC24157D550065614A /* Providers */,
			);
			path = Dependencies;
			sourceTree = "<group>";
		};
		357EC61D240DD38A0030B6A3 /* Scene Configurations */ = {
			isa = PBXGroup;
			children = (
				357EC61E240DD8370030B6A3 /* ARSceneConfiguration.swift */,
			);
			path = "Scene Configurations";
			sourceTree = "<group>";
		};
		357EC620240DD8E70030B6A3 /* Screen Views */ = {
			isa = PBXGroup;
			children = (
				357EC623240DD90F0030B6A3 /* BaseScreenView.swift */,
				357EC621240DD8FB0030B6A3 /* ARScreenView.swift */,
			);
			path = "Screen Views";
			sourceTree = "<group>";
		};
		357EC626240DDD510030B6A3 /* View Controllers */ = {
			isa = PBXGroup;
			children = (
				357EC627240DDD620030B6A3 /* BaseViewController.swift */,
				357EC629240DDEC00030B6A3 /* ARViewController.swift */,
			);
			path = "View Controllers";
			sourceTree = "<group>";
		};
		357EC62B240DE0D20030B6A3 /* Models */ = {
			isa = PBXGroup;
			children = (
				354329B524157F620065614A /* BaseSceneDelegate.swift */,
				3503C937240C5A52002F2457 /* SceneDelegate.swift */,
				357EC62C240DE10D0030B6A3 /* FrameBasedView.swift */,
			);
			path = Models;
			sourceTree = "<group>";
		};
		357EC62E240DE7150030B6A3 /* Extensions */ = {
			isa = PBXGroup;
			children = (
				357EC62F240DE71F0030B6A3 /* UI */,
			);
			path = Extensions;
			sourceTree = "<group>";
		};
		357EC62F240DE71F0030B6A3 /* UI */ = {
			isa = PBXGroup;
			children = (
				357EC630240DE74A0030B6A3 /* UIEdgeInsets+init.swift */,
				35DAB2BD240DEA4B00D60590 /* UIView+Sizing.swift */,
			);
			path = UI;
			sourceTree = "<group>";
		};
/* End PBXGroup section */

/* Begin PBXNativeTarget section */
		3503C931240C5A52002F2457 /* SmartUniversity */ = {
			isa = PBXNativeTarget;
			buildConfigurationList = 3503C951240C5A53002F2457 /* Build configuration list for PBXNativeTarget "SmartUniversity" */;
			buildPhases = (
				3503C92E240C5A52002F2457 /* Sources */,
				357EC615240DBD610030B6A3 /* Run Script - SwiftLint check */,
				3503C92F240C5A52002F2457 /* Frameworks */,
				3503C930240C5A52002F2457 /* Resources */,
			);
			buildRules = (
			);
			dependencies = (
			);
			name = SmartUniversity;
			productName = SmartUniversity;
			productReference = 3503C932240C5A52002F2457 /* SmartUniversity.app */;
			productType = "com.apple.product-type.application";
		};
		3503C947240C5A53002F2457 /* SmartUniversityTests */ = {
			isa = PBXNativeTarget;
			buildConfigurationList = 3503C954240C5A53002F2457 /* Build configuration list for PBXNativeTarget "SmartUniversityTests" */;
			buildPhases = (
				3503C944240C5A53002F2457 /* Sources */,
				3503C945240C5A53002F2457 /* Frameworks */,
				3503C946240C5A53002F2457 /* Resources */,
			);
			buildRules = (
			);
			dependencies = (
				3503C94A240C5A53002F2457 /* PBXTargetDependency */,
			);
			name = SmartUniversityTests;
			productName = SmartUniversityTests;
			productReference = 3503C948240C5A53002F2457 /* SmartUniversityTests.xctest */;
			productType = "com.apple.product-type.bundle.unit-test";
		};
/* End PBXNativeTarget section */

/* Begin PBXProject section */
		3503C92A240C5A52002F2457 /* Project object */ = {
			isa = PBXProject;
			attributes = {
				LastSwiftUpdateCheck = 1120;
				LastUpgradeCheck = 1120;
				ORGANIZATIONNAME = "Tomas Skypala";
				TargetAttributes = {
					3503C931240C5A52002F2457 = {
						CreatedOnToolsVersion = 11.2.1;
					};
					3503C947240C5A53002F2457 = {
						CreatedOnToolsVersion = 11.2.1;
						TestTargetID = 3503C931240C5A52002F2457;
					};
				};
			};
			buildConfigurationList = 3503C92D240C5A52002F2457 /* Build configuration list for PBXProject "SmartUniversity" */;
			compatibilityVersion = "Xcode 9.3";
			developmentRegion = en;
			hasScannedForEncodings = 0;
			knownRegions = (
				en,
				Base,
			);
			mainGroup = 3503C929240C5A52002F2457;
			productRefGroup = 3503C933240C5A52002F2457 /* Products */;
			projectDirPath = "";
			projectRoot = "";
			targets = (
				3503C931240C5A52002F2457 /* SmartUniversity */,
				3503C947240C5A53002F2457 /* SmartUniversityTests */,
			);
		};
/* End PBXProject section */

/* Begin PBXResourcesBuildPhase section */
		3503C930240C5A52002F2457 /* Resources */ = {
			isa = PBXResourcesBuildPhase;
			buildActionMask = 2147483647;
			files = (
				3503C942240C5A53002F2457 /* LaunchScreen.storyboard in Resources */,
				3503C93F240C5A53002F2457 /* Assets.xcassets in Resources */,
			);
			runOnlyForDeploymentPostprocessing = 0;
		};
		3503C946240C5A53002F2457 /* Resources */ = {
			isa = PBXResourcesBuildPhase;
			buildActionMask = 2147483647;
			files = (
			);
			runOnlyForDeploymentPostprocessing = 0;
		};
/* End PBXResourcesBuildPhase section */

/* Begin PBXShellScriptBuildPhase section */
		357EC615240DBD610030B6A3 /* Run Script - SwiftLint check */ = {
			isa = PBXShellScriptBuildPhase;
			buildActionMask = 2147483647;
			files = (
			);
			inputFileListPaths = (
			);
			inputPaths = (
			);
			name = "Run Script - SwiftLint check";
			outputFileListPaths = (
			);
			outputPaths = (
			);
			runOnlyForDeploymentPostprocessing = 0;
			shellPath = /bin/sh;
			shellScript = "if which swiftlint >/dev/null; then\n  swiftlint\nelse\n  echo \"warning: SwiftLint not installed, download from https://github.com/realm/SwiftLint\"\nfi\n";
		};
/* End PBXShellScriptBuildPhase section */

/* Begin PBXSourcesBuildPhase section */
		3503C92E240C5A52002F2457 /* Sources */ = {
			isa = PBXSourcesBuildPhase;
			buildActionMask = 2147483647;
			files = (
				357EC61B240DCFA50030B6A3 /* ARSceneDependencyProvider.swift in Sources */,
				357EC622240DD8FB0030B6A3 /* ARScreenView.swift in Sources */,
				357EC62D240DE10D0030B6A3 /* FrameBasedView.swift in Sources */,
				3503C936240C5A52002F2457 /* AppDelegate.swift in Sources */,
				354329AE24157D670065614A /* SceneDependencyProviding.swift in Sources */,
				357EC631240DE74A0030B6A3 /* UIEdgeInsets+init.swift in Sources */,
				357EC62A240DDEC00030B6A3 /* ARViewController.swift in Sources */,
				357EC61F240DD8370030B6A3 /* ARSceneConfiguration.swift in Sources */,
				354329B124157DAF0065614A /* WindowSceneHandling.swift in Sources */,
				3503C938240C5A52002F2457 /* SceneDelegate.swift in Sources */,
				354329B624157F620065614A /* BaseSceneDelegate.swift in Sources */,
				357EC628240DDD620030B6A3 /* BaseViewController.swift in Sources */,
				357EC624240DD90F0030B6A3 /* BaseScreenView.swift in Sources */,
				35DAB2BE240DEA4B00D60590 /* UIView+Sizing.swift in Sources */,
			);
			runOnlyForDeploymentPostprocessing = 0;
		};
		3503C944240C5A53002F2457 /* Sources */ = {
			isa = PBXSourcesBuildPhase;
			buildActionMask = 2147483647;
			files = (
				3503C94D240C5A53002F2457 /* SmartUniversityTests.swift in Sources */,
			);
			runOnlyForDeploymentPostprocessing = 0;
		};
/* End PBXSourcesBuildPhase section */

/* Begin PBXTargetDependency section */
		3503C94A240C5A53002F2457 /* PBXTargetDependency */ = {
			isa = PBXTargetDependency;
			target = 3503C931240C5A52002F2457 /* SmartUniversity */;
			targetProxy = 3503C949240C5A53002F2457 /* PBXContainerItemProxy */;
		};
/* End PBXTargetDependency section */

/* Begin PBXVariantGroup section */
		3503C940240C5A53002F2457 /* LaunchScreen.storyboard */ = {
			isa = PBXVariantGroup;
			children = (
				3503C941240C5A53002F2457 /* Base */,
			);
			name = LaunchScreen.storyboard;
			sourceTree = "<group>";
		};
/* End PBXVariantGroup section */

/* Begin XCBuildConfiguration section */
		3503C94F240C5A53002F2457 /* Debug */ = {
			isa = XCBuildConfiguration;
			buildSettings = {
				ALWAYS_SEARCH_USER_PATHS = NO;
				CLANG_ANALYZER_NONNULL = YES;
				CLANG_ANALYZER_NUMBER_OBJECT_CONVERSION = YES_AGGRESSIVE;
				CLANG_CXX_LANGUAGE_STANDARD = "gnu++14";
				CLANG_CXX_LIBRARY = "libc++";
				CLANG_ENABLE_MODULES = YES;
				CLANG_ENABLE_OBJC_ARC = YES;
				CLANG_ENABLE_OBJC_WEAK = YES;
				CLANG_WARN_BLOCK_CAPTURE_AUTORELEASING = YES;
				CLANG_WARN_BOOL_CONVERSION = YES;
				CLANG_WARN_COMMA = YES;
				CLANG_WARN_CONSTANT_CONVERSION = YES;
				CLANG_WARN_DEPRECATED_OBJC_IMPLEMENTATIONS = YES;
				CLANG_WARN_DIRECT_OBJC_ISA_USAGE = YES_ERROR;
				CLANG_WARN_DOCUMENTATION_COMMENTS = YES;
				CLANG_WARN_EMPTY_BODY = YES;
				CLANG_WARN_ENUM_CONVERSION = YES;
				CLANG_WARN_INFINITE_RECURSION = YES;
				CLANG_WARN_INT_CONVERSION = YES;
				CLANG_WARN_NON_LITERAL_NULL_CONVERSION = YES;
				CLANG_WARN_OBJC_IMPLICIT_RETAIN_SELF = YES;
				CLANG_WARN_OBJC_LITERAL_CONVERSION = YES;
				CLANG_WARN_OBJC_ROOT_CLASS = YES_ERROR;
				CLANG_WARN_RANGE_LOOP_ANALYSIS = YES;
				CLANG_WARN_STRICT_PROTOTYPES = YES;
				CLANG_WARN_SUSPICIOUS_MOVE = YES;
				CLANG_WARN_UNGUARDED_AVAILABILITY = YES_AGGRESSIVE;
				CLANG_WARN_UNREACHABLE_CODE = YES;
				CLANG_WARN__DUPLICATE_METHOD_MATCH = YES;
				COPY_PHASE_STRIP = NO;
				DEBUG_INFORMATION_FORMAT = dwarf;
				ENABLE_STRICT_OBJC_MSGSEND = YES;
				ENABLE_TESTABILITY = YES;
				GCC_C_LANGUAGE_STANDARD = gnu11;
				GCC_DYNAMIC_NO_PIC = NO;
				GCC_NO_COMMON_BLOCKS = YES;
				GCC_OPTIMIZATION_LEVEL = 0;
				GCC_PREPROCESSOR_DEFINITIONS = (
					"DEBUG=1",
					"$(inherited)",
				);
				GCC_WARN_64_TO_32_BIT_CONVERSION = YES;
				GCC_WARN_ABOUT_RETURN_TYPE = YES_ERROR;
				GCC_WARN_UNDECLARED_SELECTOR = YES;
				GCC_WARN_UNINITIALIZED_AUTOS = YES_AGGRESSIVE;
				GCC_WARN_UNUSED_FUNCTION = YES;
				GCC_WARN_UNUSED_VARIABLE = YES;
				IPHONEOS_DEPLOYMENT_TARGET = 13.2;
				MTL_ENABLE_DEBUG_INFO = INCLUDE_SOURCE;
				MTL_FAST_MATH = YES;
				ONLY_ACTIVE_ARCH = YES;
				SDKROOT = iphoneos;
				SWIFT_ACTIVE_COMPILATION_CONDITIONS = DEBUG;
				SWIFT_OPTIMIZATION_LEVEL = "-Onone";
			};
			name = Debug;
		};
		3503C950240C5A53002F2457 /* Release */ = {
			isa = XCBuildConfiguration;
			buildSettings = {
				ALWAYS_SEARCH_USER_PATHS = NO;
				CLANG_ANALYZER_NONNULL = YES;
				CLANG_ANALYZER_NUMBER_OBJECT_CONVERSION = YES_AGGRESSIVE;
				CLANG_CXX_LANGUAGE_STANDARD = "gnu++14";
				CLANG_CXX_LIBRARY = "libc++";
				CLANG_ENABLE_MODULES = YES;
				CLANG_ENABLE_OBJC_ARC = YES;
				CLANG_ENABLE_OBJC_WEAK = YES;
				CLANG_WARN_BLOCK_CAPTURE_AUTORELEASING = YES;
				CLANG_WARN_BOOL_CONVERSION = YES;
				CLANG_WARN_COMMA = YES;
				CLANG_WARN_CONSTANT_CONVERSION = YES;
				CLANG_WARN_DEPRECATED_OBJC_IMPLEMENTATIONS = YES;
				CLANG_WARN_DIRECT_OBJC_ISA_USAGE = YES_ERROR;
				CLANG_WARN_DOCUMENTATION_COMMENTS = YES;
				CLANG_WARN_EMPTY_BODY = YES;
				CLANG_WARN_ENUM_CONVERSION = YES;
				CLANG_WARN_INFINITE_RECURSION = YES;
				CLANG_WARN_INT_CONVERSION = YES;
				CLANG_WARN_NON_LITERAL_NULL_CONVERSION = YES;
				CLANG_WARN_OBJC_IMPLICIT_RETAIN_SELF = YES;
				CLANG_WARN_OBJC_LITERAL_CONVERSION = YES;
				CLANG_WARN_OBJC_ROOT_CLASS = YES_ERROR;
				CLANG_WARN_RANGE_LOOP_ANALYSIS = YES;
				CLANG_WARN_STRICT_PROTOTYPES = YES;
				CLANG_WARN_SUSPICIOUS_MOVE = YES;
				CLANG_WARN_UNGUARDED_AVAILABILITY = YES_AGGRESSIVE;
				CLANG_WARN_UNREACHABLE_CODE = YES;
				CLANG_WARN__DUPLICATE_METHOD_MATCH = YES;
				COPY_PHASE_STRIP = NO;
				DEBUG_INFORMATION_FORMAT = "dwarf-with-dsym";
				ENABLE_NS_ASSERTIONS = NO;
				ENABLE_STRICT_OBJC_MSGSEND = YES;
				GCC_C_LANGUAGE_STANDARD = gnu11;
				GCC_NO_COMMON_BLOCKS = YES;
				GCC_WARN_64_TO_32_BIT_CONVERSION = YES;
				GCC_WARN_ABOUT_RETURN_TYPE = YES_ERROR;
				GCC_WARN_UNDECLARED_SELECTOR = YES;
				GCC_WARN_UNINITIALIZED_AUTOS = YES_AGGRESSIVE;
				GCC_WARN_UNUSED_FUNCTION = YES;
				GCC_WARN_UNUSED_VARIABLE = YES;
				IPHONEOS_DEPLOYMENT_TARGET = 13.2;
				MTL_ENABLE_DEBUG_INFO = NO;
				MTL_FAST_MATH = YES;
				SDKROOT = iphoneos;
				SWIFT_COMPILATION_MODE = wholemodule;
				SWIFT_OPTIMIZATION_LEVEL = "-O";
				VALIDATE_PRODUCT = YES;
			};
			name = Release;
		};
		3503C952240C5A53002F2457 /* Debug */ = {
			isa = XCBuildConfiguration;
			buildSettings = {
				ASSETCATALOG_COMPILER_APPICON_NAME = AppIcon;
				CODE_SIGN_STYLE = Automatic;
				DEVELOPMENT_TEAM = B4UQ3LXCE4;
				INFOPLIST_FILE = SmartUniversity/Info.plist;
				LD_RUNPATH_SEARCH_PATHS = (
					"$(inherited)",
					"@executable_path/Frameworks",
				);
				PRODUCT_BUNDLE_IDENTIFIER = xskypala.SmartUniversity;
				PRODUCT_NAME = "$(TARGET_NAME)";
				SWIFT_VERSION = 5.0;
				TARGETED_DEVICE_FAMILY = "1,2";
			};
			name = Debug;
		};
		3503C953240C5A53002F2457 /* Release */ = {
			isa = XCBuildConfiguration;
			buildSettings = {
				ASSETCATALOG_COMPILER_APPICON_NAME = AppIcon;
				CODE_SIGN_STYLE = Automatic;
				DEVELOPMENT_TEAM = B4UQ3LXCE4;
				INFOPLIST_FILE = SmartUniversity/Info.plist;
				LD_RUNPATH_SEARCH_PATHS = (
					"$(inherited)",
					"@executable_path/Frameworks",
				);
				PRODUCT_BUNDLE_IDENTIFIER = xskypala.SmartUniversity;
				PRODUCT_NAME = "$(TARGET_NAME)";
				SWIFT_VERSION = 5.0;
				TARGETED_DEVICE_FAMILY = "1,2";
			};
			name = Release;
		};
		3503C955240C5A53002F2457 /* Debug */ = {
			isa = XCBuildConfiguration;
			buildSettings = {
				ALWAYS_EMBED_SWIFT_STANDARD_LIBRARIES = YES;
				BUNDLE_LOADER = "$(TEST_HOST)";
				CODE_SIGN_STYLE = Automatic;
				DEVELOPMENT_TEAM = B4UQ3LXCE4;
				INFOPLIST_FILE = SmartUniversityTests/Info.plist;
				IPHONEOS_DEPLOYMENT_TARGET = 13.2;
				LD_RUNPATH_SEARCH_PATHS = (
					"$(inherited)",
					"@executable_path/Frameworks",
					"@loader_path/Frameworks",
				);
				PRODUCT_BUNDLE_IDENTIFIER = xskypala.SmartUniversityTests;
				PRODUCT_NAME = "$(TARGET_NAME)";
				SWIFT_VERSION = 5.0;
				TARGETED_DEVICE_FAMILY = "1,2";
				TEST_HOST = "$(BUILT_PRODUCTS_DIR)/SmartUniversity.app/SmartUniversity";
			};
			name = Debug;
		};
		3503C956240C5A53002F2457 /* Release */ = {
			isa = XCBuildConfiguration;
			buildSettings = {
				ALWAYS_EMBED_SWIFT_STANDARD_LIBRARIES = YES;
				BUNDLE_LOADER = "$(TEST_HOST)";
				CODE_SIGN_STYLE = Automatic;
				DEVELOPMENT_TEAM = B4UQ3LXCE4;
				INFOPLIST_FILE = SmartUniversityTests/Info.plist;
				IPHONEOS_DEPLOYMENT_TARGET = 13.2;
				LD_RUNPATH_SEARCH_PATHS = (
					"$(inherited)",
					"@executable_path/Frameworks",
					"@loader_path/Frameworks",
				);
				PRODUCT_BUNDLE_IDENTIFIER = xskypala.SmartUniversityTests;
				PRODUCT_NAME = "$(TARGET_NAME)";
				SWIFT_VERSION = 5.0;
				TARGETED_DEVICE_FAMILY = "1,2";
				TEST_HOST = "$(BUILT_PRODUCTS_DIR)/SmartUniversity.app/SmartUniversity";
			};
			name = Release;
		};
/* End XCBuildConfiguration section */

/* Begin XCConfigurationList section */
		3503C92D240C5A52002F2457 /* Build configuration list for PBXProject "SmartUniversity" */ = {
			isa = XCConfigurationList;
			buildConfigurations = (
				3503C94F240C5A53002F2457 /* Debug */,
				3503C950240C5A53002F2457 /* Release */,
			);
			defaultConfigurationIsVisible = 0;
			defaultConfigurationName = Release;
		};
		3503C951240C5A53002F2457 /* Build configuration list for PBXNativeTarget "SmartUniversity" */ = {
			isa = XCConfigurationList;
			buildConfigurations = (
				3503C952240C5A53002F2457 /* Debug */,
				3503C953240C5A53002F2457 /* Release */,
			);
			defaultConfigurationIsVisible = 0;
			defaultConfigurationName = Release;
		};
		3503C954240C5A53002F2457 /* Build configuration list for PBXNativeTarget "SmartUniversityTests" */ = {
			isa = XCConfigurationList;
			buildConfigurations = (
				3503C955240C5A53002F2457 /* Debug */,
				3503C956240C5A53002F2457 /* Release */,
			);
			defaultConfigurationIsVisible = 0;
			defaultConfigurationName = Release;
		};
/* End XCConfigurationList section */
	};
	rootObject = 3503C92A240C5A52002F2457 /* Project object */;
}
