// !$*UTF8*$!
{
	archiveVersion = 1;
	classes = {
	};
	objectVersion = 50;
	objects = {

/* Begin PBXBuildFile section */
		3503C936240C5A52002F2457 /* AppDelegate.swift in Sources */ = {isa = PBXBuildFile; fileRef = 3503C935240C5A52002F2457 /* AppDelegate.swift */; };
		3503C938240C5A52002F2457 /* SceneDelegate.swift in Sources */ = {isa = PBXBuildFile; fileRef = 3503C937240C5A52002F2457 /* SceneDelegate.swift */; };
		3503C93F240C5A53002F2457 /* Assets.xcassets in Resources */ = {isa = PBXBuildFile; fileRef = 3503C93E240C5A53002F2457 /* Assets.xcassets */; };
		3503C942240C5A53002F2457 /* LaunchScreen.storyboard in Resources */ = {isa = PBXBuildFile; fileRef = 3503C940240C5A53002F2457 /* LaunchScreen.storyboard */; };
		3516B3682416F162009C5D36 /* BaseViewControllerTests.swift in Sources */ = {isa = PBXBuildFile; fileRef = 3516B3672416F162009C5D36 /* BaseViewControllerTests.swift */; };
		3516B36B2416F4A4009C5D36 /* UIViewSizingTests.swift in Sources */ = {isa = PBXBuildFile; fileRef = 3516B36A2416F4A4009C5D36 /* UIViewSizingTests.swift */; };
		3516B36D2416F7DE009C5D36 /* UIEdgeInsetsInitTests.swift in Sources */ = {isa = PBXBuildFile; fileRef = 3516B36C2416F7DE009C5D36 /* UIEdgeInsetsInitTests.swift */; };
		3516B36F2416F8E9009C5D36 /* FrameBasedViewTests.swift in Sources */ = {isa = PBXBuildFile; fileRef = 3516B36E2416F8E9009C5D36 /* FrameBasedViewTests.swift */; };
		3516B3712416FCF0009C5D36 /* UIView+AddSubviews.swift in Sources */ = {isa = PBXBuildFile; fileRef = 3516B3702416FCF0009C5D36 /* UIView+AddSubviews.swift */; };
		3516B37324170961009C5D36 /* UIViewAddSubviewsTests.swift in Sources */ = {isa = PBXBuildFile; fileRef = 3516B37224170961009C5D36 /* UIViewAddSubviewsTests.swift */; };
		3524E033241872D9007A344E /* FrameBasedScreenView.swift in Sources */ = {isa = PBXBuildFile; fileRef = 3524E032241872D9007A344E /* FrameBasedScreenView.swift */; };
		3524E037241873DE007A344E /* MunimapScreenView.swift in Sources */ = {isa = PBXBuildFile; fileRef = 3524E036241873DE007A344E /* MunimapScreenView.swift */; };
		3524E03D24187729007A344E /* WebViewHandler.swift in Sources */ = {isa = PBXBuildFile; fileRef = 3524E03C24187729007A344E /* WebViewHandler.swift */; };
		3524E03F24187A4C007A344E /* MunimapViewController.swift in Sources */ = {isa = PBXBuildFile; fileRef = 3524E03E24187A4C007A344E /* MunimapViewController.swift */; };
		3524E0412418833A007A344E /* MunimapScreenView.swift in Sources */ = {isa = PBXBuildFile; fileRef = 3524E036241873DE007A344E /* MunimapScreenView.swift */; };
		3524E04224188342007A344E /* WebViewHandler.swift in Sources */ = {isa = PBXBuildFile; fileRef = 3524E03C24187729007A344E /* WebViewHandler.swift */; };
		3524E04324188347007A344E /* MunimapViewController.swift in Sources */ = {isa = PBXBuildFile; fileRef = 3524E03E24187A4C007A344E /* MunimapViewController.swift */; };
		3524E04424188353007A344E /* FrameBasedScreenView.swift in Sources */ = {isa = PBXBuildFile; fileRef = 3524E032241872D9007A344E /* FrameBasedScreenView.swift */; };
		3524E0452418835B007A344E /* UIView+AddSubviews.swift in Sources */ = {isa = PBXBuildFile; fileRef = 3516B3702416FCF0009C5D36 /* UIView+AddSubviews.swift */; };
		354329B624157F620065614A /* BaseSceneDelegate.swift in Sources */ = {isa = PBXBuildFile; fileRef = 354329B524157F620065614A /* BaseSceneDelegate.swift */; };
		354329BB24157FFB0065614A /* SceneDelegateTests.swift in Sources */ = {isa = PBXBuildFile; fileRef = 354329BA24157FFB0065614A /* SceneDelegateTests.swift */; };
		354329BD241592CA0065614A /* SceneConfiguration.swift in Sources */ = {isa = PBXBuildFile; fileRef = 354329BC241592CA0065614A /* SceneConfiguration.swift */; };
		354329C52415A78B0065614A /* AppDelegate.swift in Sources */ = {isa = PBXBuildFile; fileRef = 3503C935240C5A52002F2457 /* AppDelegate.swift */; };
		354329C92415A79B0065614A /* ARScreenView.swift in Sources */ = {isa = PBXBuildFile; fileRef = 357EC621240DD8FB0030B6A3 /* ARScreenView.swift */; };
		354329CA2415A79E0065614A /* BaseScreenView.swift in Sources */ = {isa = PBXBuildFile; fileRef = 357EC623240DD90F0030B6A3 /* BaseScreenView.swift */; };
		354329CB2415A8C40065614A /* ARViewController.swift in Sources */ = {isa = PBXBuildFile; fileRef = 357EC629240DDEC00030B6A3 /* ARViewController.swift */; };
		354329CC2415A8C80065614A /* BaseViewController.swift in Sources */ = {isa = PBXBuildFile; fileRef = 357EC627240DDD620030B6A3 /* BaseViewController.swift */; };
		354329CD2415A8CB0065614A /* FrameBasedView.swift in Sources */ = {isa = PBXBuildFile; fileRef = 357EC62C240DE10D0030B6A3 /* FrameBasedView.swift */; };
		354329CE2415A8CE0065614A /* SceneDelegate.swift in Sources */ = {isa = PBXBuildFile; fileRef = 3503C937240C5A52002F2457 /* SceneDelegate.swift */; };
		354329CF2415A8D10065614A /* BaseSceneDelegate.swift in Sources */ = {isa = PBXBuildFile; fileRef = 354329B524157F620065614A /* BaseSceneDelegate.swift */; };
		354329D02415A8D40065614A /* SceneConfiguration.swift in Sources */ = {isa = PBXBuildFile; fileRef = 354329BC241592CA0065614A /* SceneConfiguration.swift */; };
		354329D12415A8D60065614A /* UIView+Sizing.swift in Sources */ = {isa = PBXBuildFile; fileRef = 35DAB2BD240DEA4B00D60590 /* UIView+Sizing.swift */; };
		354329D22415A8DA0065614A /* UIEdgeInsets+Init.swift in Sources */ = {isa = PBXBuildFile; fileRef = 357EC630240DE74A0030B6A3 /* UIEdgeInsets+Init.swift */; };
		354329D42415ABC80065614A /* SceneDependencyProviding.swift in Sources */ = {isa = PBXBuildFile; fileRef = 354329D32415ABC80065614A /* SceneDependencyProviding.swift */; };
		354329D82415ABF60065614A /* WindowSceneHandling.swift in Sources */ = {isa = PBXBuildFile; fileRef = 354329D72415ABF60065614A /* WindowSceneHandling.swift */; };
		354329D92415ABF90065614A /* WindowSceneHandling.swift in Sources */ = {isa = PBXBuildFile; fileRef = 354329D72415ABF60065614A /* WindowSceneHandling.swift */; };
		354329DB2415ABFD0065614A /* SceneDependencyProviding.swift in Sources */ = {isa = PBXBuildFile; fileRef = 354329D32415ABC80065614A /* SceneDependencyProviding.swift */; };
		357EC622240DD8FB0030B6A3 /* ARScreenView.swift in Sources */ = {isa = PBXBuildFile; fileRef = 357EC621240DD8FB0030B6A3 /* ARScreenView.swift */; };
		357EC624240DD90F0030B6A3 /* BaseScreenView.swift in Sources */ = {isa = PBXBuildFile; fileRef = 357EC623240DD90F0030B6A3 /* BaseScreenView.swift */; };
		357EC628240DDD620030B6A3 /* BaseViewController.swift in Sources */ = {isa = PBXBuildFile; fileRef = 357EC627240DDD620030B6A3 /* BaseViewController.swift */; };
		357EC62A240DDEC00030B6A3 /* ARViewController.swift in Sources */ = {isa = PBXBuildFile; fileRef = 357EC629240DDEC00030B6A3 /* ARViewController.swift */; };
		357EC62D240DE10D0030B6A3 /* FrameBasedView.swift in Sources */ = {isa = PBXBuildFile; fileRef = 357EC62C240DE10D0030B6A3 /* FrameBasedView.swift */; };
		357EC631240DE74A0030B6A3 /* UIEdgeInsets+Init.swift in Sources */ = {isa = PBXBuildFile; fileRef = 357EC630240DE74A0030B6A3 /* UIEdgeInsets+Init.swift */; };
		35AC87CB243146E8009C0E9D /* URLSessionProviding.swift in Sources */ = {isa = PBXBuildFile; fileRef = 35AC87CA243146E8009C0E9D /* URLSessionProviding.swift */; };
		35AC87CD24314910009C0E9D /* RemoteDataProviding.swift in Sources */ = {isa = PBXBuildFile; fileRef = 35AC87CC24314910009C0E9D /* RemoteDataProviding.swift */; };
		35AC87CF24314A9E009C0E9D /* RemoteDataProvider.swift in Sources */ = {isa = PBXBuildFile; fileRef = 35AC87CE24314A9E009C0E9D /* RemoteDataProvider.swift */; };
		35AC87D124314BBA009C0E9D /* QRPoint.swift in Sources */ = {isa = PBXBuildFile; fileRef = 35AC87D024314BBA009C0E9D /* QRPoint.swift */; };
		35AC87D424314CE2009C0E9D /* ARLocalizedObject.swift in Sources */ = {isa = PBXBuildFile; fileRef = 35AC87D324314CE2009C0E9D /* ARLocalizedObject.swift */; };
		35AC87D6243161BC009C0E9D /* QRPointsProviding.swift in Sources */ = {isa = PBXBuildFile; fileRef = 35AC87D5243161BC009C0E9D /* QRPointsProviding.swift */; };
		35AC87D824316262009C0E9D /* RemoteJSONDataInfo.swift in Sources */ = {isa = PBXBuildFile; fileRef = 35AC87D724316262009C0E9D /* RemoteJSONDataInfo.swift */; };
		35B209AB24219008005E65AE /* MainNavigationViewController.swift in Sources */ = {isa = PBXBuildFile; fileRef = 35B209AA24219008005E65AE /* MainNavigationViewController.swift */; };
		35B209AD24219014005E65AE /* MainNavigationSceneDependencyProvider.swift in Sources */ = {isa = PBXBuildFile; fileRef = 35B209AC24219014005E65AE /* MainNavigationSceneDependencyProvider.swift */; };
		35B209AE24219014005E65AE /* MainNavigationSceneDependencyProvider.swift in Sources */ = {isa = PBXBuildFile; fileRef = 35B209AC24219014005E65AE /* MainNavigationSceneDependencyProvider.swift */; };
		35B209AF24219B17005E65AE /* MainNavigationViewController.swift in Sources */ = {isa = PBXBuildFile; fileRef = 35B209AA24219008005E65AE /* MainNavigationViewController.swift */; };
		35B209B624219CED005E65AE /* MainNavigationSceneDependencyProviderTests.swift in Sources */ = {isa = PBXBuildFile; fileRef = 35B209B524219CED005E65AE /* MainNavigationSceneDependencyProviderTests.swift */; };
		35B209B82421A0A5005E65AE /* MainNavigationViewControllerTests.swift in Sources */ = {isa = PBXBuildFile; fileRef = 35B209B72421A0A5005E65AE /* MainNavigationViewControllerTests.swift */; };
		35B209BA2421A376005E65AE /* WebViewHandlerTests.swift in Sources */ = {isa = PBXBuildFile; fileRef = 35B209B92421A376005E65AE /* WebViewHandlerTests.swift */; };
		35B209BC2421A52F005E65AE /* MunimapViewControllerTests.swift in Sources */ = {isa = PBXBuildFile; fileRef = 35B209BB2421A52F005E65AE /* MunimapViewControllerTests.swift */; };
		35DAB2BE240DEA4B00D60590 /* UIView+Sizing.swift in Sources */ = {isa = PBXBuildFile; fileRef = 35DAB2BD240DEA4B00D60590 /* UIView+Sizing.swift */; };
		35E746D3243172F4003BDA00 /* RemoteJSONDataInfo.swift in Sources */ = {isa = PBXBuildFile; fileRef = 35AC87D724316262009C0E9D /* RemoteJSONDataInfo.swift */; };
/* End PBXBuildFile section */

/* Begin PBXContainerItemProxy section */
		3503C949240C5A53002F2457 /* PBXContainerItemProxy */ = {
			isa = PBXContainerItemProxy;
			containerPortal = 3503C92A240C5A52002F2457 /* Project object */;
			proxyType = 1;
			remoteGlobalIDString = 3503C931240C5A52002F2457;
			remoteInfo = SmartUniversity;
		};
/* End PBXContainerItemProxy section */

/* Begin PBXFileReference section */
		3503C932240C5A52002F2457 /* SmartUniversity.app */ = {isa = PBXFileReference; explicitFileType = wrapper.application; includeInIndex = 0; path = SmartUniversity.app; sourceTree = BUILT_PRODUCTS_DIR; };
		3503C935240C5A52002F2457 /* AppDelegate.swift */ = {isa = PBXFileReference; lastKnownFileType = sourcecode.swift; path = AppDelegate.swift; sourceTree = "<group>"; };
		3503C937240C5A52002F2457 /* SceneDelegate.swift */ = {isa = PBXFileReference; lastKnownFileType = sourcecode.swift; path = SceneDelegate.swift; sourceTree = "<group>"; };
		3503C93E240C5A53002F2457 /* Assets.xcassets */ = {isa = PBXFileReference; lastKnownFileType = folder.assetcatalog; path = Assets.xcassets; sourceTree = "<group>"; };
		3503C941240C5A53002F2457 /* Base */ = {isa = PBXFileReference; lastKnownFileType = file.storyboard; name = Base; path = Base.lproj/LaunchScreen.storyboard; sourceTree = "<group>"; };
		3503C943240C5A53002F2457 /* Info.plist */ = {isa = PBXFileReference; lastKnownFileType = text.plist.xml; path = Info.plist; sourceTree = "<group>"; };
		3503C948240C5A53002F2457 /* SmartUniversityTests.xctest */ = {isa = PBXFileReference; explicitFileType = wrapper.cfbundle; includeInIndex = 0; path = SmartUniversityTests.xctest; sourceTree = BUILT_PRODUCTS_DIR; };
		3503C94E240C5A53002F2457 /* Info.plist */ = {isa = PBXFileReference; lastKnownFileType = text.plist.xml; path = Info.plist; sourceTree = "<group>"; };
		3516B3672416F162009C5D36 /* BaseViewControllerTests.swift */ = {isa = PBXFileReference; lastKnownFileType = sourcecode.swift; path = BaseViewControllerTests.swift; sourceTree = "<group>"; };
		3516B36A2416F4A4009C5D36 /* UIViewSizingTests.swift */ = {isa = PBXFileReference; lastKnownFileType = sourcecode.swift; path = UIViewSizingTests.swift; sourceTree = "<group>"; };
		3516B36C2416F7DE009C5D36 /* UIEdgeInsetsInitTests.swift */ = {isa = PBXFileReference; lastKnownFileType = sourcecode.swift; path = UIEdgeInsetsInitTests.swift; sourceTree = "<group>"; };
		3516B36E2416F8E9009C5D36 /* FrameBasedViewTests.swift */ = {isa = PBXFileReference; lastKnownFileType = sourcecode.swift; path = FrameBasedViewTests.swift; sourceTree = "<group>"; };
		3516B3702416FCF0009C5D36 /* UIView+AddSubviews.swift */ = {isa = PBXFileReference; lastKnownFileType = sourcecode.swift; path = "UIView+AddSubviews.swift"; sourceTree = "<group>"; };
		3516B37224170961009C5D36 /* UIViewAddSubviewsTests.swift */ = {isa = PBXFileReference; lastKnownFileType = sourcecode.swift; path = UIViewAddSubviewsTests.swift; sourceTree = "<group>"; };
		3524E032241872D9007A344E /* FrameBasedScreenView.swift */ = {isa = PBXFileReference; lastKnownFileType = sourcecode.swift; path = FrameBasedScreenView.swift; sourceTree = "<group>"; };
		3524E036241873DE007A344E /* MunimapScreenView.swift */ = {isa = PBXFileReference; lastKnownFileType = sourcecode.swift; path = MunimapScreenView.swift; sourceTree = "<group>"; };
		3524E03C24187729007A344E /* WebViewHandler.swift */ = {isa = PBXFileReference; lastKnownFileType = sourcecode.swift; path = WebViewHandler.swift; sourceTree = "<group>"; };
		3524E03E24187A4C007A344E /* MunimapViewController.swift */ = {isa = PBXFileReference; lastKnownFileType = sourcecode.swift; path = MunimapViewController.swift; sourceTree = "<group>"; };
		354329B524157F620065614A /* BaseSceneDelegate.swift */ = {isa = PBXFileReference; lastKnownFileType = sourcecode.swift; path = BaseSceneDelegate.swift; sourceTree = "<group>"; };
		354329BA24157FFB0065614A /* SceneDelegateTests.swift */ = {isa = PBXFileReference; lastKnownFileType = sourcecode.swift; path = SceneDelegateTests.swift; sourceTree = "<group>"; };
		354329BC241592CA0065614A /* SceneConfiguration.swift */ = {isa = PBXFileReference; lastKnownFileType = sourcecode.swift; path = SceneConfiguration.swift; sourceTree = "<group>"; };
		354329D32415ABC80065614A /* SceneDependencyProviding.swift */ = {isa = PBXFileReference; fileEncoding = 4; lastKnownFileType = sourcecode.swift; path = SceneDependencyProviding.swift; sourceTree = "<group>"; };
		354329D72415ABF60065614A /* WindowSceneHandling.swift */ = {isa = PBXFileReference; fileEncoding = 4; lastKnownFileType = sourcecode.swift; path = WindowSceneHandling.swift; sourceTree = "<group>"; };
		357EC621240DD8FB0030B6A3 /* ARScreenView.swift */ = {isa = PBXFileReference; lastKnownFileType = sourcecode.swift; path = ARScreenView.swift; sourceTree = "<group>"; };
		357EC623240DD90F0030B6A3 /* BaseScreenView.swift */ = {isa = PBXFileReference; lastKnownFileType = sourcecode.swift; path = BaseScreenView.swift; sourceTree = "<group>"; };
		357EC627240DDD620030B6A3 /* BaseViewController.swift */ = {isa = PBXFileReference; lastKnownFileType = sourcecode.swift; path = BaseViewController.swift; sourceTree = "<group>"; };
		357EC629240DDEC00030B6A3 /* ARViewController.swift */ = {isa = PBXFileReference; lastKnownFileType = sourcecode.swift; path = ARViewController.swift; sourceTree = "<group>"; };
		357EC62C240DE10D0030B6A3 /* FrameBasedView.swift */ = {isa = PBXFileReference; lastKnownFileType = sourcecode.swift; path = FrameBasedView.swift; sourceTree = "<group>"; };
		357EC630240DE74A0030B6A3 /* UIEdgeInsets+Init.swift */ = {isa = PBXFileReference; lastKnownFileType = sourcecode.swift; path = "UIEdgeInsets+Init.swift"; sourceTree = "<group>"; };
		35AC87CA243146E8009C0E9D /* URLSessionProviding.swift */ = {isa = PBXFileReference; lastKnownFileType = sourcecode.swift; path = URLSessionProviding.swift; sourceTree = "<group>"; };
		35AC87CC24314910009C0E9D /* RemoteDataProviding.swift */ = {isa = PBXFileReference; lastKnownFileType = sourcecode.swift; path = RemoteDataProviding.swift; sourceTree = "<group>"; };
		35AC87CE24314A9E009C0E9D /* RemoteDataProvider.swift */ = {isa = PBXFileReference; lastKnownFileType = sourcecode.swift; path = RemoteDataProvider.swift; sourceTree = "<group>"; };
		35AC87D024314BBA009C0E9D /* QRPoint.swift */ = {isa = PBXFileReference; lastKnownFileType = sourcecode.swift; path = QRPoint.swift; sourceTree = "<group>"; };
		35AC87D324314CE2009C0E9D /* ARLocalizedObject.swift */ = {isa = PBXFileReference; lastKnownFileType = sourcecode.swift; path = ARLocalizedObject.swift; sourceTree = "<group>"; };
		35AC87D5243161BC009C0E9D /* QRPointsProviding.swift */ = {isa = PBXFileReference; lastKnownFileType = sourcecode.swift; path = QRPointsProviding.swift; sourceTree = "<group>"; };
		35AC87D724316262009C0E9D /* RemoteJSONDataInfo.swift */ = {isa = PBXFileReference; lastKnownFileType = sourcecode.swift; path = RemoteJSONDataInfo.swift; sourceTree = "<group>"; };
		35B209AA24219008005E65AE /* MainNavigationViewController.swift */ = {isa = PBXFileReference; fileEncoding = 4; lastKnownFileType = sourcecode.swift; path = MainNavigationViewController.swift; sourceTree = "<group>"; };
		35B209AC24219014005E65AE /* MainNavigationSceneDependencyProvider.swift */ = {isa = PBXFileReference; fileEncoding = 4; lastKnownFileType = sourcecode.swift; path = MainNavigationSceneDependencyProvider.swift; sourceTree = "<group>"; };
		35B209B524219CED005E65AE /* MainNavigationSceneDependencyProviderTests.swift */ = {isa = PBXFileReference; lastKnownFileType = sourcecode.swift; path = MainNavigationSceneDependencyProviderTests.swift; sourceTree = "<group>"; };
		35B209B72421A0A5005E65AE /* MainNavigationViewControllerTests.swift */ = {isa = PBXFileReference; lastKnownFileType = sourcecode.swift; path = MainNavigationViewControllerTests.swift; sourceTree = "<group>"; };
		35B209B92421A376005E65AE /* WebViewHandlerTests.swift */ = {isa = PBXFileReference; lastKnownFileType = sourcecode.swift; path = WebViewHandlerTests.swift; sourceTree = "<group>"; };
		35B209BB2421A52F005E65AE /* MunimapViewControllerTests.swift */ = {isa = PBXFileReference; lastKnownFileType = sourcecode.swift; path = MunimapViewControllerTests.swift; sourceTree = "<group>"; };
		35DAB2BD240DEA4B00D60590 /* UIView+Sizing.swift */ = {isa = PBXFileReference; lastKnownFileType = sourcecode.swift; path = "UIView+Sizing.swift"; sourceTree = "<group>"; };
/* End PBXFileReference section */

/* Begin PBXFrameworksBuildPhase section */
		3503C92F240C5A52002F2457 /* Frameworks */ = {
			isa = PBXFrameworksBuildPhase;
			buildActionMask = 2147483647;
			files = (
			);
			runOnlyForDeploymentPostprocessing = 0;
		};
		3503C945240C5A53002F2457 /* Frameworks */ = {
			isa = PBXFrameworksBuildPhase;
			buildActionMask = 2147483647;
			files = (
			);
			runOnlyForDeploymentPostprocessing = 0;
		};
/* End PBXFrameworksBuildPhase section */

/* Begin PBXGroup section */
		3503C929240C5A52002F2457 = {
			isa = PBXGroup;
			children = (
				3503C934240C5A52002F2457 /* SmartUniversity */,
				3503C94B240C5A53002F2457 /* SmartUniversityTests */,
				3503C933240C5A52002F2457 /* Products */,
			);
			sourceTree = "<group>";
		};
		3503C933240C5A52002F2457 /* Products */ = {
			isa = PBXGroup;
			children = (
				3503C932240C5A52002F2457 /* SmartUniversity.app */,
				3503C948240C5A53002F2457 /* SmartUniversityTests.xctest */,
			);
			name = Products;
			sourceTree = "<group>";
		};
		3503C934240C5A52002F2457 /* SmartUniversity */ = {
			isa = PBXGroup;
			children = (
				357EC62E240DE7150030B6A3 /* Extensions */,
				357EC62B240DE0D20030B6A3 /* Models */,
				357EC626240DDD510030B6A3 /* View Controllers */,
				357EC620240DD8E70030B6A3 /* Screen Views */,
				357EC619240DCF890030B6A3 /* Dependencies */,
				3503C935240C5A52002F2457 /* AppDelegate.swift */,
				3503C93E240C5A53002F2457 /* Assets.xcassets */,
				3503C940240C5A53002F2457 /* LaunchScreen.storyboard */,
				3503C943240C5A53002F2457 /* Info.plist */,
			);
			path = SmartUniversity;
			sourceTree = "<group>";
		};
		3503C94B240C5A53002F2457 /* SmartUniversityTests */ = {
			isa = PBXGroup;
			children = (
				3516B3692416F46F009C5D36 /* Extensions Tests */,
				3516B3662416F147009C5D36 /* View Controller Tests */,
				354329C0241599EF0065614A /* Dependencies Tests */,
				354329B724157FD40065614A /* Model Tests */,
				3503C94E240C5A53002F2457 /* Info.plist */,
			);
			path = SmartUniversityTests;
			sourceTree = "<group>";
		};
		3516B3662416F147009C5D36 /* View Controller Tests */ = {
			isa = PBXGroup;
			children = (
				3516B3672416F162009C5D36 /* BaseViewControllerTests.swift */,
				35B209B72421A0A5005E65AE /* MainNavigationViewControllerTests.swift */,
				35B209BB2421A52F005E65AE /* MunimapViewControllerTests.swift */,
			);
			path = "View Controller Tests";
			sourceTree = "<group>";
		};
		3516B3692416F46F009C5D36 /* Extensions Tests */ = {
			isa = PBXGroup;
			children = (
				3516B36A2416F4A4009C5D36 /* UIViewSizingTests.swift */,
				3516B36C2416F7DE009C5D36 /* UIEdgeInsetsInitTests.swift */,
				3516B37224170961009C5D36 /* UIViewAddSubviewsTests.swift */,
			);
			path = "Extensions Tests";
			sourceTree = "<group>";
		};
		354329AC24157D550065614A /* Providers */ = {
			isa = PBXGroup;
			children = (
				354329D32415ABC80065614A /* SceneDependencyProviding.swift */,
				35B209AC24219014005E65AE /* MainNavigationSceneDependencyProvider.swift */,
				35AC87CA243146E8009C0E9D /* URLSessionProviding.swift */,
				35AC87CC24314910009C0E9D /* RemoteDataProviding.swift */,
				35AC87CE24314A9E009C0E9D /* RemoteDataProvider.swift */,
				35AC87D5243161BC009C0E9D /* QRPointsProviding.swift */,
			);
			path = Providers;
			sourceTree = "<group>";
		};
		354329AF24157D9D0065614A /* Handlers */ = {
			isa = PBXGroup;
			children = (
				354329D72415ABF60065614A /* WindowSceneHandling.swift */,
				3524E03C24187729007A344E /* WebViewHandler.swift */,
			);
			path = Handlers;
			sourceTree = "<group>";
		};
		354329B724157FD40065614A /* Model Tests */ = {
			isa = PBXGroup;
			children = (
				354329BA24157FFB0065614A /* SceneDelegateTests.swift */,
				3516B36E2416F8E9009C5D36 /* FrameBasedViewTests.swift */,
			);
			path = "Model Tests";
			sourceTree = "<group>";
		};
		354329C0241599EF0065614A /* Dependencies Tests */ = {
			isa = PBXGroup;
			children = (
				35B209B524219CED005E65AE /* MainNavigationSceneDependencyProviderTests.swift */,
				35B209B92421A376005E65AE /* WebViewHandlerTests.swift */,
			);
			path = "Dependencies Tests";
			sourceTree = "<group>";
		};
		357EC619240DCF890030B6A3 /* Dependencies */ = {
			isa = PBXGroup;
			children = (
				354329AF24157D9D0065614A /* Handlers */,
				354329AC24157D550065614A /* Providers */,
			);
			path = Dependencies;
			sourceTree = "<group>";
		};
		357EC620240DD8E70030B6A3 /* Screen Views */ = {
			isa = PBXGroup;
			children = (
				357EC623240DD90F0030B6A3 /* BaseScreenView.swift */,
				357EC621240DD8FB0030B6A3 /* ARScreenView.swift */,
				3524E036241873DE007A344E /* MunimapScreenView.swift */,
			);
			path = "Screen Views";
			sourceTree = "<group>";
		};
		357EC626240DDD510030B6A3 /* View Controllers */ = {
			isa = PBXGroup;
			children = (
				357EC627240DDD620030B6A3 /* BaseViewController.swift */,
				35B209AA24219008005E65AE /* MainNavigationViewController.swift */,
				357EC629240DDEC00030B6A3 /* ARViewController.swift */,
				3524E03E24187A4C007A344E /* MunimapViewController.swift */,
			);
			path = "View Controllers";
			sourceTree = "<group>";
		};
		357EC62B240DE0D20030B6A3 /* Models */ = {
			isa = PBXGroup;
			children = (
				35AC87D224314C77009C0E9D /* Remote */,
				354329BC241592CA0065614A /* SceneConfiguration.swift */,
				354329B524157F620065614A /* BaseSceneDelegate.swift */,
				3503C937240C5A52002F2457 /* SceneDelegate.swift */,
				357EC62C240DE10D0030B6A3 /* FrameBasedView.swift */,
				3524E032241872D9007A344E /* FrameBasedScreenView.swift */,
			);
			path = Models;
			sourceTree = "<group>";
		};
		357EC62E240DE7150030B6A3 /* Extensions */ = {
			isa = PBXGroup;
			children = (
				357EC62F240DE71F0030B6A3 /* UI */,
			);
			path = Extensions;
			sourceTree = "<group>";
		};
		357EC62F240DE71F0030B6A3 /* UI */ = {
			isa = PBXGroup;
			children = (
				357EC630240DE74A0030B6A3 /* UIEdgeInsets+Init.swift */,
				35DAB2BD240DEA4B00D60590 /* UIView+Sizing.swift */,
				3516B3702416FCF0009C5D36 /* UIView+AddSubviews.swift */,
			);
			path = UI;
			sourceTree = "<group>";
		};
		35AC87D224314C77009C0E9D /* Remote */ = {
			isa = PBXGroup;
			children = (
				35AC87D024314BBA009C0E9D /* QRPoint.swift */,
				35AC87D324314CE2009C0E9D /* ARLocalizedObject.swift */,
				35AC87D724316262009C0E9D /* RemoteJSONDataInfo.swift */,
			);
			path = Remote;
			sourceTree = "<group>";
		};
/* End PBXGroup section */

/* Begin PBXNativeTarget section */
		3503C931240C5A52002F2457 /* SmartUniversity */ = {
			isa = PBXNativeTarget;
			buildConfigurationList = 3503C951240C5A53002F2457 /* Build configuration list for PBXNativeTarget "SmartUniversity" */;
			buildPhases = (
				3503C92E240C5A52002F2457 /* Sources */,
				357EC615240DBD610030B6A3 /* Run Script - SwiftLint check */,
				3503C92F240C5A52002F2457 /* Frameworks */,
				3503C930240C5A52002F2457 /* Resources */,
			);
			buildRules = (
			);
			dependencies = (
			);
			name = SmartUniversity;
			productName = SmartUniversity;
			productReference = 3503C932240C5A52002F2457 /* SmartUniversity.app */;
			productType = "com.apple.product-type.application";
		};
		3503C947240C5A53002F2457 /* SmartUniversityTests */ = {
			isa = PBXNativeTarget;
			buildConfigurationList = 3503C954240C5A53002F2457 /* Build configuration list for PBXNativeTarget "SmartUniversityTests" */;
			buildPhases = (
				3503C944240C5A53002F2457 /* Sources */,
				3503C945240C5A53002F2457 /* Frameworks */,
				3503C946240C5A53002F2457 /* Resources */,
			);
			buildRules = (
			);
			dependencies = (
				3503C94A240C5A53002F2457 /* PBXTargetDependency */,
			);
			name = SmartUniversityTests;
			productName = SmartUniversityTests;
			productReference = 3503C948240C5A53002F2457 /* SmartUniversityTests.xctest */;
			productType = "com.apple.product-type.bundle.unit-test";
		};
/* End PBXNativeTarget section */

/* Begin PBXProject section */
		3503C92A240C5A52002F2457 /* Project object */ = {
			isa = PBXProject;
			attributes = {
				LastSwiftUpdateCheck = 1120;
				LastUpgradeCheck = 1120;
				ORGANIZATIONNAME = "Tomas Skypala";
				TargetAttributes = {
					3503C931240C5A52002F2457 = {
						CreatedOnToolsVersion = 11.2.1;
					};
					3503C947240C5A53002F2457 = {
						CreatedOnToolsVersion = 11.2.1;
						TestTargetID = 3503C931240C5A52002F2457;
					};
				};
			};
			buildConfigurationList = 3503C92D240C5A52002F2457 /* Build configuration list for PBXProject "SmartUniversity" */;
			compatibilityVersion = "Xcode 9.3";
			developmentRegion = en;
			hasScannedForEncodings = 0;
			knownRegions = (
				en,
				Base,
			);
			mainGroup = 3503C929240C5A52002F2457;
			productRefGroup = 3503C933240C5A52002F2457 /* Products */;
			projectDirPath = "";
			projectRoot = "";
			targets = (
				3503C931240C5A52002F2457 /* SmartUniversity */,
				3503C947240C5A53002F2457 /* SmartUniversityTests */,
			);
		};
/* End PBXProject section */

/* Begin PBXResourcesBuildPhase section */
		3503C930240C5A52002F2457 /* Resources */ = {
			isa = PBXResourcesBuildPhase;
			buildActionMask = 2147483647;
			files = (
				3503C942240C5A53002F2457 /* LaunchScreen.storyboard in Resources */,
				3503C93F240C5A53002F2457 /* Assets.xcassets in Resources */,
			);
			runOnlyForDeploymentPostprocessing = 0;
		};
		3503C946240C5A53002F2457 /* Resources */ = {
			isa = PBXResourcesBuildPhase;
			buildActionMask = 2147483647;
			files = (
			);
			runOnlyForDeploymentPostprocessing = 0;
		};
/* End PBXResourcesBuildPhase section */

/* Begin PBXShellScriptBuildPhase section */
		357EC615240DBD610030B6A3 /* Run Script - SwiftLint check */ = {
			isa = PBXShellScriptBuildPhase;
			buildActionMask = 2147483647;
			files = (
			);
			inputFileListPaths = (
			);
			inputPaths = (
			);
			name = "Run Script - SwiftLint check";
			outputFileListPaths = (
			);
			outputPaths = (
			);
			runOnlyForDeploymentPostprocessing = 0;
			shellPath = /bin/sh;
			shellScript = "if which swiftlint >/dev/null; then\n  swiftlint\nelse\n  echo \"warning: SwiftLint not installed, download from https://github.com/realm/SwiftLint\"\nfi\n";
		};
/* End PBXShellScriptBuildPhase section */

/* Begin PBXSourcesBuildPhase section */
		3503C92E240C5A52002F2457 /* Sources */ = {
			isa = PBXSourcesBuildPhase;
			buildActionMask = 2147483647;
			files = (
				357EC622240DD8FB0030B6A3 /* ARScreenView.swift in Sources */,
				3524E03F24187A4C007A344E /* MunimapViewController.swift in Sources */,
				354329D42415ABC80065614A /* SceneDependencyProviding.swift in Sources */,
				357EC62D240DE10D0030B6A3 /* FrameBasedView.swift in Sources */,
				35AC87CD24314910009C0E9D /* RemoteDataProviding.swift in Sources */,
				3524E037241873DE007A344E /* MunimapScreenView.swift in Sources */,
				3503C936240C5A52002F2457 /* AppDelegate.swift in Sources */,
				35AC87CF24314A9E009C0E9D /* RemoteDataProvider.swift in Sources */,
				3524E033241872D9007A344E /* FrameBasedScreenView.swift in Sources */,
				35B209AB24219008005E65AE /* MainNavigationViewController.swift in Sources */,
				357EC631240DE74A0030B6A3 /* UIEdgeInsets+Init.swift in Sources */,
				35B209AD24219014005E65AE /* MainNavigationSceneDependencyProvider.swift in Sources */,
				354329BD241592CA0065614A /* SceneConfiguration.swift in Sources */,
				35AC87D124314BBA009C0E9D /* QRPoint.swift in Sources */,
				357EC62A240DDEC00030B6A3 /* ARViewController.swift in Sources */,
				3516B3712416FCF0009C5D36 /* UIView+AddSubviews.swift in Sources */,
				35AC87D6243161BC009C0E9D /* QRPointsProviding.swift in Sources */,
				3503C938240C5A52002F2457 /* SceneDelegate.swift in Sources */,
				35AC87D424314CE2009C0E9D /* ARLocalizedObject.swift in Sources */,
				3524E03D24187729007A344E /* WebViewHandler.swift in Sources */,
				354329B624157F620065614A /* BaseSceneDelegate.swift in Sources */,
				357EC628240DDD620030B6A3 /* BaseViewController.swift in Sources */,
				354329D82415ABF60065614A /* WindowSceneHandling.swift in Sources */,
				35AC87CB243146E8009C0E9D /* URLSessionProviding.swift in Sources */,
				35AC87D824316262009C0E9D /* RemoteJSONDataInfo.swift in Sources */,
				357EC624240DD90F0030B6A3 /* BaseScreenView.swift in Sources */,
				35DAB2BE240DEA4B00D60590 /* UIView+Sizing.swift in Sources */,
			);
			runOnlyForDeploymentPostprocessing = 0;
		};
		3503C944240C5A53002F2457 /* Sources */ = {
			isa = PBXSourcesBuildPhase;
			buildActionMask = 2147483647;
			files = (
				354329C52415A78B0065614A /* AppDelegate.swift in Sources */,
				354329C92415A79B0065614A /* ARScreenView.swift in Sources */,
				354329CB2415A8C40065614A /* ARViewController.swift in Sources */,
				3516B36F2416F8E9009C5D36 /* FrameBasedViewTests.swift in Sources */,
				354329BB24157FFB0065614A /* SceneDelegateTests.swift in Sources */,
				3524E04424188353007A344E /* FrameBasedScreenView.swift in Sources */,
				354329CC2415A8C80065614A /* BaseViewController.swift in Sources */,
				3524E0452418835B007A344E /* UIView+AddSubviews.swift in Sources */,
				3516B36B2416F4A4009C5D36 /* UIViewSizingTests.swift in Sources */,
				354329D12415A8D60065614A /* UIView+Sizing.swift in Sources */,
				354329D22415A8DA0065614A /* UIEdgeInsets+Init.swift in Sources */,
				35B209BA2421A376005E65AE /* WebViewHandlerTests.swift in Sources */,
				354329DB2415ABFD0065614A /* SceneDependencyProviding.swift in Sources */,
				3516B3682416F162009C5D36 /* BaseViewControllerTests.swift in Sources */,
				35B209B82421A0A5005E65AE /* MainNavigationViewControllerTests.swift in Sources */,
				3524E0412418833A007A344E /* MunimapScreenView.swift in Sources */,
				354329CA2415A79E0065614A /* BaseScreenView.swift in Sources */,
				3524E04224188342007A344E /* WebViewHandler.swift in Sources */,
				354329CD2415A8CB0065614A /* FrameBasedView.swift in Sources */,
				3516B36D2416F7DE009C5D36 /* UIEdgeInsetsInitTests.swift in Sources */,
				354329D02415A8D40065614A /* SceneConfiguration.swift in Sources */,
				354329D92415ABF90065614A /* WindowSceneHandling.swift in Sources */,
				354329CF2415A8D10065614A /* BaseSceneDelegate.swift in Sources */,
				3524E04324188347007A344E /* MunimapViewController.swift in Sources */,
				35B209AE24219014005E65AE /* MainNavigationSceneDependencyProvider.swift in Sources */,
				354329CE2415A8CE0065614A /* SceneDelegate.swift in Sources */,
				35B209B624219CED005E65AE /* MainNavigationSceneDependencyProviderTests.swift in Sources */,
				35B209AF24219B17005E65AE /* MainNavigationViewController.swift in Sources */,
				35B209BC2421A52F005E65AE /* MunimapViewControllerTests.swift in Sources */,
				3516B37324170961009C5D36 /* UIViewAddSubviewsTests.swift in Sources */,
				35E746D3243172F4003BDA00 /* RemoteJSONDataInfo.swift in Sources */,
			);
			runOnlyForDeploymentPostprocessing = 0;
		};
/* End PBXSourcesBuildPhase section */

/* Begin PBXTargetDependency section */
		3503C94A240C5A53002F2457 /* PBXTargetDependency */ = {
			isa = PBXTargetDependency;
			target = 3503C931240C5A52002F2457 /* SmartUniversity */;
			targetProxy = 3503C949240C5A53002F2457 /* PBXContainerItemProxy */;
		};
/* End PBXTargetDependency section */

/* Begin PBXVariantGroup section */
		3503C940240C5A53002F2457 /* LaunchScreen.storyboard */ = {
			isa = PBXVariantGroup;
			children = (
				3503C941240C5A53002F2457 /* Base */,
			);
			name = LaunchScreen.storyboard;
			sourceTree = "<group>";
		};
/* End PBXVariantGroup section */

/* Begin XCBuildConfiguration section */
		3503C94F240C5A53002F2457 /* Debug */ = {
			isa = XCBuildConfiguration;
			buildSettings = {
				ALWAYS_SEARCH_USER_PATHS = NO;
				CLANG_ANALYZER_NONNULL = YES;
				CLANG_ANALYZER_NUMBER_OBJECT_CONVERSION = YES_AGGRESSIVE;
				CLANG_CXX_LANGUAGE_STANDARD = "gnu++14";
				CLANG_CXX_LIBRARY = "libc++";
				CLANG_ENABLE_MODULES = YES;
				CLANG_ENABLE_OBJC_ARC = YES;
				CLANG_ENABLE_OBJC_WEAK = YES;
				CLANG_WARN_BLOCK_CAPTURE_AUTORELEASING = YES;
				CLANG_WARN_BOOL_CONVERSION = YES;
				CLANG_WARN_COMMA = YES;
				CLANG_WARN_CONSTANT_CONVERSION = YES;
				CLANG_WARN_DEPRECATED_OBJC_IMPLEMENTATIONS = YES;
				CLANG_WARN_DIRECT_OBJC_ISA_USAGE = YES_ERROR;
				CLANG_WARN_DOCUMENTATION_COMMENTS = YES;
				CLANG_WARN_EMPTY_BODY = YES;
				CLANG_WARN_ENUM_CONVERSION = YES;
				CLANG_WARN_INFINITE_RECURSION = YES;
				CLANG_WARN_INT_CONVERSION = YES;
				CLANG_WARN_NON_LITERAL_NULL_CONVERSION = YES;
				CLANG_WARN_OBJC_IMPLICIT_RETAIN_SELF = YES;
				CLANG_WARN_OBJC_LITERAL_CONVERSION = YES;
				CLANG_WARN_OBJC_ROOT_CLASS = YES_ERROR;
				CLANG_WARN_RANGE_LOOP_ANALYSIS = YES;
				CLANG_WARN_STRICT_PROTOTYPES = YES;
				CLANG_WARN_SUSPICIOUS_MOVE = YES;
				CLANG_WARN_UNGUARDED_AVAILABILITY = YES_AGGRESSIVE;
				CLANG_WARN_UNREACHABLE_CODE = YES;
				CLANG_WARN__DUPLICATE_METHOD_MATCH = YES;
				COPY_PHASE_STRIP = NO;
				DEBUG_INFORMATION_FORMAT = dwarf;
				ENABLE_STRICT_OBJC_MSGSEND = YES;
				ENABLE_TESTABILITY = YES;
				GCC_C_LANGUAGE_STANDARD = gnu11;
				GCC_DYNAMIC_NO_PIC = NO;
				GCC_NO_COMMON_BLOCKS = YES;
				GCC_OPTIMIZATION_LEVEL = 0;
				GCC_PREPROCESSOR_DEFINITIONS = (
					"DEBUG=1",
					"$(inherited)",
				);
				GCC_WARN_64_TO_32_BIT_CONVERSION = YES;
				GCC_WARN_ABOUT_RETURN_TYPE = YES_ERROR;
				GCC_WARN_UNDECLARED_SELECTOR = YES;
				GCC_WARN_UNINITIALIZED_AUTOS = YES_AGGRESSIVE;
				GCC_WARN_UNUSED_FUNCTION = YES;
				GCC_WARN_UNUSED_VARIABLE = YES;
				IPHONEOS_DEPLOYMENT_TARGET = 13.2;
				MTL_ENABLE_DEBUG_INFO = INCLUDE_SOURCE;
				MTL_FAST_MATH = YES;
				ONLY_ACTIVE_ARCH = YES;
				SDKROOT = iphoneos;
				SWIFT_ACTIVE_COMPILATION_CONDITIONS = DEBUG;
				SWIFT_OPTIMIZATION_LEVEL = "-Onone";
			};
			name = Debug;
		};
		3503C950240C5A53002F2457 /* Release */ = {
			isa = XCBuildConfiguration;
			buildSettings = {
				ALWAYS_SEARCH_USER_PATHS = NO;
				CLANG_ANALYZER_NONNULL = YES;
				CLANG_ANALYZER_NUMBER_OBJECT_CONVERSION = YES_AGGRESSIVE;
				CLANG_CXX_LANGUAGE_STANDARD = "gnu++14";
				CLANG_CXX_LIBRARY = "libc++";
				CLANG_ENABLE_MODULES = YES;
				CLANG_ENABLE_OBJC_ARC = YES;
				CLANG_ENABLE_OBJC_WEAK = YES;
				CLANG_WARN_BLOCK_CAPTURE_AUTORELEASING = YES;
				CLANG_WARN_BOOL_CONVERSION = YES;
				CLANG_WARN_COMMA = YES;
				CLANG_WARN_CONSTANT_CONVERSION = YES;
				CLANG_WARN_DEPRECATED_OBJC_IMPLEMENTATIONS = YES;
				CLANG_WARN_DIRECT_OBJC_ISA_USAGE = YES_ERROR;
				CLANG_WARN_DOCUMENTATION_COMMENTS = YES;
				CLANG_WARN_EMPTY_BODY = YES;
				CLANG_WARN_ENUM_CONVERSION = YES;
				CLANG_WARN_INFINITE_RECURSION = YES;
				CLANG_WARN_INT_CONVERSION = YES;
				CLANG_WARN_NON_LITERAL_NULL_CONVERSION = YES;
				CLANG_WARN_OBJC_IMPLICIT_RETAIN_SELF = YES;
				CLANG_WARN_OBJC_LITERAL_CONVERSION = YES;
				CLANG_WARN_OBJC_ROOT_CLASS = YES_ERROR;
				CLANG_WARN_RANGE_LOOP_ANALYSIS = YES;
				CLANG_WARN_STRICT_PROTOTYPES = YES;
				CLANG_WARN_SUSPICIOUS_MOVE = YES;
				CLANG_WARN_UNGUARDED_AVAILABILITY = YES_AGGRESSIVE;
				CLANG_WARN_UNREACHABLE_CODE = YES;
				CLANG_WARN__DUPLICATE_METHOD_MATCH = YES;
				COPY_PHASE_STRIP = NO;
				DEBUG_INFORMATION_FORMAT = "dwarf-with-dsym";
				ENABLE_NS_ASSERTIONS = NO;
				ENABLE_STRICT_OBJC_MSGSEND = YES;
				GCC_C_LANGUAGE_STANDARD = gnu11;
				GCC_NO_COMMON_BLOCKS = YES;
				GCC_WARN_64_TO_32_BIT_CONVERSION = YES;
				GCC_WARN_ABOUT_RETURN_TYPE = YES_ERROR;
				GCC_WARN_UNDECLARED_SELECTOR = YES;
				GCC_WARN_UNINITIALIZED_AUTOS = YES_AGGRESSIVE;
				GCC_WARN_UNUSED_FUNCTION = YES;
				GCC_WARN_UNUSED_VARIABLE = YES;
				IPHONEOS_DEPLOYMENT_TARGET = 13.2;
				MTL_ENABLE_DEBUG_INFO = NO;
				MTL_FAST_MATH = YES;
				SDKROOT = iphoneos;
				SWIFT_COMPILATION_MODE = wholemodule;
				SWIFT_OPTIMIZATION_LEVEL = "-O";
				VALIDATE_PRODUCT = YES;
			};
			name = Release;
		};
		3503C952240C5A53002F2457 /* Debug */ = {
			isa = XCBuildConfiguration;
			buildSettings = {
				ASSETCATALOG_COMPILER_APPICON_NAME = AppIcon;
				CODE_SIGN_STYLE = Automatic;
				DEVELOPMENT_TEAM = B4UQ3LXCE4;
				INFOPLIST_FILE = SmartUniversity/Info.plist;
				LD_RUNPATH_SEARCH_PATHS = (
					"$(inherited)",
					"@executable_path/Frameworks",
				);
				PRODUCT_BUNDLE_IDENTIFIER = xskypala.SmartUniversity;
				PRODUCT_NAME = "$(TARGET_NAME)";
				SWIFT_VERSION = 5.0;
				TARGETED_DEVICE_FAMILY = "1,2";
			};
			name = Debug;
		};
		3503C953240C5A53002F2457 /* Release */ = {
			isa = XCBuildConfiguration;
			buildSettings = {
				ASSETCATALOG_COMPILER_APPICON_NAME = AppIcon;
				CODE_SIGN_STYLE = Automatic;
				DEVELOPMENT_TEAM = B4UQ3LXCE4;
				INFOPLIST_FILE = SmartUniversity/Info.plist;
				LD_RUNPATH_SEARCH_PATHS = (
					"$(inherited)",
					"@executable_path/Frameworks",
				);
				PRODUCT_BUNDLE_IDENTIFIER = xskypala.SmartUniversity;
				PRODUCT_NAME = "$(TARGET_NAME)";
				SWIFT_VERSION = 5.0;
				TARGETED_DEVICE_FAMILY = "1,2";
			};
			name = Release;
		};
		3503C955240C5A53002F2457 /* Debug */ = {
			isa = XCBuildConfiguration;
			buildSettings = {
				ALWAYS_EMBED_SWIFT_STANDARD_LIBRARIES = YES;
				BUNDLE_LOADER = "$(TEST_HOST)";
				CODE_SIGN_STYLE = Automatic;
				DEVELOPMENT_TEAM = B4UQ3LXCE4;
				INFOPLIST_FILE = SmartUniversityTests/Info.plist;
				IPHONEOS_DEPLOYMENT_TARGET = 13.2;
				LD_RUNPATH_SEARCH_PATHS = (
					"$(inherited)",
					"@executable_path/Frameworks",
					"@loader_path/Frameworks",
				);
				PRODUCT_BUNDLE_IDENTIFIER = xskypala.SmartUniversityTests;
				PRODUCT_NAME = "$(TARGET_NAME)";
				SWIFT_VERSION = 5.0;
				TARGETED_DEVICE_FAMILY = "1,2";
				TEST_HOST = "$(BUILT_PRODUCTS_DIR)/SmartUniversity.app/SmartUniversity";
			};
			name = Debug;
		};
		3503C956240C5A53002F2457 /* Release */ = {
			isa = XCBuildConfiguration;
			buildSettings = {
				ALWAYS_EMBED_SWIFT_STANDARD_LIBRARIES = YES;
				BUNDLE_LOADER = "$(TEST_HOST)";
				CODE_SIGN_STYLE = Automatic;
				DEVELOPMENT_TEAM = B4UQ3LXCE4;
				INFOPLIST_FILE = SmartUniversityTests/Info.plist;
				IPHONEOS_DEPLOYMENT_TARGET = 13.2;
				LD_RUNPATH_SEARCH_PATHS = (
					"$(inherited)",
					"@executable_path/Frameworks",
					"@loader_path/Frameworks",
				);
				PRODUCT_BUNDLE_IDENTIFIER = xskypala.SmartUniversityTests;
				PRODUCT_NAME = "$(TARGET_NAME)";
				SWIFT_VERSION = 5.0;
				TARGETED_DEVICE_FAMILY = "1,2";
				TEST_HOST = "$(BUILT_PRODUCTS_DIR)/SmartUniversity.app/SmartUniversity";
			};
			name = Release;
		};
/* End XCBuildConfiguration section */

/* Begin XCConfigurationList section */
		3503C92D240C5A52002F2457 /* Build configuration list for PBXProject "SmartUniversity" */ = {
			isa = XCConfigurationList;
			buildConfigurations = (
				3503C94F240C5A53002F2457 /* Debug */,
				3503C950240C5A53002F2457 /* Release */,
			);
			defaultConfigurationIsVisible = 0;
			defaultConfigurationName = Release;
		};
		3503C951240C5A53002F2457 /* Build configuration list for PBXNativeTarget "SmartUniversity" */ = {
			isa = XCConfigurationList;
			buildConfigurations = (
				3503C952240C5A53002F2457 /* Debug */,
				3503C953240C5A53002F2457 /* Release */,
			);
			defaultConfigurationIsVisible = 0;
			defaultConfigurationName = Release;
		};
		3503C954240C5A53002F2457 /* Build configuration list for PBXNativeTarget "SmartUniversityTests" */ = {
			isa = XCConfigurationList;
			buildConfigurations = (
				3503C955240C5A53002F2457 /* Debug */,
				3503C956240C5A53002F2457 /* Release */,
			);
			defaultConfigurationIsVisible = 0;
			defaultConfigurationName = Release;
		};
/* End XCConfigurationList section */
	};
	rootObject = 3503C92A240C5A52002F2457 /* Project object */;
}
